// !$*UTF8*$!
{
	archiveVersion = 1;
	classes = {
	};
	objectVersion = 46;
	objects = {

/* Begin PBXBuildFile section */
		C6011E591A6B748500B6DCF1 /* Angry_Selected.png in Resources */ = {isa = PBXBuildFile; fileRef = C6011DF71A6B748500B6DCF1 /* Angry_Selected.png */; };
		C6011E5A1A6B748500B6DCF1 /* Angry.png in Resources */ = {isa = PBXBuildFile; fileRef = C6011DF81A6B748500B6DCF1 /* Angry.png */; };
		C6011E5D1A6B748500B6DCF1 /* Background.png in Resources */ = {isa = PBXBuildFile; fileRef = C6011DFB1A6B748500B6DCF1 /* Background.png */; };
		C6011E5E1A6B748500B6DCF1 /* body_selected.png in Resources */ = {isa = PBXBuildFile; fileRef = C6011DFC1A6B748500B6DCF1 /* body_selected.png */; };
		C6011E5F1A6B748500B6DCF1 /* body_un.png in Resources */ = {isa = PBXBuildFile; fileRef = C6011DFD1A6B748500B6DCF1 /* body_un.png */; };
		C6011E601A6B748500B6DCF1 /* Circle_white.png in Resources */ = {isa = PBXBuildFile; fileRef = C6011DFE1A6B748500B6DCF1 /* Circle_white.png */; };
		C6011E611A6B748500B6DCF1 /* Circle.png in Resources */ = {isa = PBXBuildFile; fileRef = C6011DFF1A6B748500B6DCF1 /* Circle.png */; };
		C6011E631A6B748500B6DCF1 /* DooBox.png in Resources */ = {isa = PBXBuildFile; fileRef = C6011E011A6B748500B6DCF1 /* DooBox.png */; };
		C6011E641A6B748500B6DCF1 /* emoteful-header-logo.png in Resources */ = {isa = PBXBuildFile; fileRef = C6011E021A6B748500B6DCF1 /* emoteful-header-logo.png */; };
		C6011E651A6B748500B6DCF1 /* emoteful.png in Resources */ = {isa = PBXBuildFile; fileRef = C6011E031A6B748500B6DCF1 /* emoteful.png */; };
		C6011E661A6B748500B6DCF1 /* emotes.png in Resources */ = {isa = PBXBuildFile; fileRef = C6011E041A6B748500B6DCF1 /* emotes.png */; };
		C6011E671A6B748500B6DCF1 /* emotes_u.png in Resources */ = {isa = PBXBuildFile; fileRef = C6011E051A6B748500B6DCF1 /* emotes_u.png */; };
		C6011E6C1A6B748500B6DCF1 /* Exercise_s.png in Resources */ = {isa = PBXBuildFile; fileRef = C6011E0A1A6B748500B6DCF1 /* Exercise_s.png */; };
		C6011E6D1A6B748500B6DCF1 /* Exercise.png in Resources */ = {isa = PBXBuildFile; fileRef = C6011E0B1A6B748500B6DCF1 /* Exercise.png */; };
		C6011E701A6B748500B6DCF1 /* Friends_s.png in Resources */ = {isa = PBXBuildFile; fileRef = C6011E0E1A6B748500B6DCF1 /* Friends_s.png */; };
		C6011E711A6B748500B6DCF1 /* Friends.png in Resources */ = {isa = PBXBuildFile; fileRef = C6011E0F1A6B748500B6DCF1 /* Friends.png */; };
		C6011E721A6B748500B6DCF1 /* Happy_Selected.png in Resources */ = {isa = PBXBuildFile; fileRef = C6011E101A6B748500B6DCF1 /* Happy_Selected.png */; };
		C6011E731A6B748500B6DCF1 /* Happy.png in Resources */ = {isa = PBXBuildFile; fileRef = C6011E111A6B748500B6DCF1 /* Happy.png */; };
		C6011E761A6B748500B6DCF1 /* Homework_s.png in Resources */ = {isa = PBXBuildFile; fileRef = C6011E141A6B748500B6DCF1 /* Homework_s.png */; };
		C6011E771A6B748500B6DCF1 /* Homework.png in Resources */ = {isa = PBXBuildFile; fileRef = C6011E151A6B748500B6DCF1 /* Homework.png */; };
		C6011E781A6B748500B6DCF1 /* Icon-60.png in Resources */ = {isa = PBXBuildFile; fileRef = C6011E161A6B748500B6DCF1 /* Icon-60.png */; };
		C6011E791A6B748500B6DCF1 /* Icon-60@2x.png in Resources */ = {isa = PBXBuildFile; fileRef = C6011E171A6B748500B6DCF1 /* Icon-60@2x.png */; };
		C6011E7A1A6B748500B6DCF1 /* Icon-60@3x.png in Resources */ = {isa = PBXBuildFile; fileRef = C6011E181A6B748500B6DCF1 /* Icon-60@3x.png */; };
		C6011E7B1A6B748500B6DCF1 /* Icon-72.png in Resources */ = {isa = PBXBuildFile; fileRef = C6011E191A6B748500B6DCF1 /* Icon-72.png */; };
		C6011E7C1A6B748500B6DCF1 /* Icon-72@2x.png in Resources */ = {isa = PBXBuildFile; fileRef = C6011E1A1A6B748500B6DCF1 /* Icon-72@2x.png */; };
		C6011E7D1A6B748500B6DCF1 /* Icon-76.png in Resources */ = {isa = PBXBuildFile; fileRef = C6011E1B1A6B748500B6DCF1 /* Icon-76.png */; };
		C6011E7E1A6B748500B6DCF1 /* Icon-76@2x.png in Resources */ = {isa = PBXBuildFile; fileRef = C6011E1C1A6B748500B6DCF1 /* Icon-76@2x.png */; };
		C6011E7F1A6B748500B6DCF1 /* Icon-Small-40.png in Resources */ = {isa = PBXBuildFile; fileRef = C6011E1D1A6B748500B6DCF1 /* Icon-Small-40.png */; };
		C6011E801A6B748500B6DCF1 /* Icon-Small-40@2x.png in Resources */ = {isa = PBXBuildFile; fileRef = C6011E1E1A6B748500B6DCF1 /* Icon-Small-40@2x.png */; };
		C6011E811A6B748500B6DCF1 /* Icon-Small-40@3x.png in Resources */ = {isa = PBXBuildFile; fileRef = C6011E1F1A6B748500B6DCF1 /* Icon-Small-40@3x.png */; };
		C6011E821A6B748500B6DCF1 /* Icon-Small-50.png in Resources */ = {isa = PBXBuildFile; fileRef = C6011E201A6B748500B6DCF1 /* Icon-Small-50.png */; };
		C6011E831A6B748500B6DCF1 /* Icon-Small-50@2x.png in Resources */ = {isa = PBXBuildFile; fileRef = C6011E211A6B748500B6DCF1 /* Icon-Small-50@2x.png */; };
		C6011E841A6B748500B6DCF1 /* Icon-Small.png in Resources */ = {isa = PBXBuildFile; fileRef = C6011E221A6B748500B6DCF1 /* Icon-Small.png */; };
		C6011E851A6B748500B6DCF1 /* Icon-Small@2x.png in Resources */ = {isa = PBXBuildFile; fileRef = C6011E231A6B748500B6DCF1 /* Icon-Small@2x.png */; };
		C6011E861A6B748500B6DCF1 /* Icon-Small@3x.png in Resources */ = {isa = PBXBuildFile; fileRef = C6011E241A6B748500B6DCF1 /* Icon-Small@3x.png */; };
		C6011E871A6B748500B6DCF1 /* Icon.png in Resources */ = {isa = PBXBuildFile; fileRef = C6011E251A6B748500B6DCF1 /* Icon.png */; };
		C6011E881A6B748500B6DCF1 /* Icon@2x.png in Resources */ = {isa = PBXBuildFile; fileRef = C6011E261A6B748500B6DCF1 /* Icon@2x.png */; };
		C6011E891A6B748500B6DCF1 /* IMG_4137.jpeg in Resources */ = {isa = PBXBuildFile; fileRef = C6011E271A6B748500B6DCF1 /* IMG_4137.jpeg */; };
		C6011E8A1A6B748500B6DCF1 /* iTunesArtwork@2x.png in Resources */ = {isa = PBXBuildFile; fileRef = C6011E281A6B748500B6DCF1 /* iTunesArtwork@2x.png */; };
		C6011E8B1A6B748500B6DCF1 /* lifestyle.png in Resources */ = {isa = PBXBuildFile; fileRef = C6011E291A6B748500B6DCF1 /* lifestyle.png */; };
		C6011E8D1A6B748500B6DCF1 /* lifestyle_u.png in Resources */ = {isa = PBXBuildFile; fileRef = C6011E2B1A6B748500B6DCF1 /* lifestyle_u.png */; };
		C6011E911A6B748500B6DCF1 /* Meh_Selected.png in Resources */ = {isa = PBXBuildFile; fileRef = C6011E2F1A6B748500B6DCF1 /* Meh_Selected.png */; };
		C6011E921A6B748500B6DCF1 /* Meh.png in Resources */ = {isa = PBXBuildFile; fileRef = C6011E301A6B748500B6DCF1 /* Meh.png */; };
		C6011E931A6B748500B6DCF1 /* mind_selected.png in Resources */ = {isa = PBXBuildFile; fileRef = C6011E311A6B748500B6DCF1 /* mind_selected.png */; };
		C6011E941A6B748500B6DCF1 /* mind_un.png in Resources */ = {isa = PBXBuildFile; fileRef = C6011E321A6B748500B6DCF1 /* mind_un.png */; };
		C6011E951A6B748500B6DCF1 /* moves.png in Resources */ = {isa = PBXBuildFile; fileRef = C6011E331A6B748500B6DCF1 /* moves.png */; };
		C6011E961A6B748500B6DCF1 /* moves_u.png in Resources */ = {isa = PBXBuildFile; fileRef = C6011E341A6B748500B6DCF1 /* moves_u.png */; };
		C6011E9B1A6B748500B6DCF1 /* Relationships_s.png in Resources */ = {isa = PBXBuildFile; fileRef = C6011E391A6B748500B6DCF1 /* Relationships_s.png */; };
		C6011E9C1A6B748500B6DCF1 /* Relationships.png in Resources */ = {isa = PBXBuildFile; fileRef = C6011E3A1A6B748500B6DCF1 /* Relationships.png */; };
		C6011E9D1A6B748500B6DCF1 /* Sad_Selected.png in Resources */ = {isa = PBXBuildFile; fileRef = C6011E3B1A6B748500B6DCF1 /* Sad_Selected.png */; };
		C6011E9E1A6B748500B6DCF1 /* Sad.png in Resources */ = {isa = PBXBuildFile; fileRef = C6011E3C1A6B748500B6DCF1 /* Sad.png */; };
		C6011EAD1A6B748500B6DCF1 /* Stressed_Selected.png in Resources */ = {isa = PBXBuildFile; fileRef = C6011E4B1A6B748500B6DCF1 /* Stressed_Selected.png */; };
		C6011EAE1A6B748500B6DCF1 /* Stressed.png in Resources */ = {isa = PBXBuildFile; fileRef = C6011E4C1A6B748500B6DCF1 /* Stressed.png */; };
		C6011EB31A6B748500B6DCF1 /* Weather_s.png in Resources */ = {isa = PBXBuildFile; fileRef = C6011E511A6B748500B6DCF1 /* Weather_s.png */; };
		C6011EB41A6B748500B6DCF1 /* Weather.png in Resources */ = {isa = PBXBuildFile; fileRef = C6011E521A6B748500B6DCF1 /* Weather.png */; };
		C6011EB71A6B748500B6DCF1 /* Work_s.png in Resources */ = {isa = PBXBuildFile; fileRef = C6011E551A6B748500B6DCF1 /* Work_s.png */; };
		C6011EB81A6B748500B6DCF1 /* Work.png in Resources */ = {isa = PBXBuildFile; fileRef = C6011E561A6B748500B6DCF1 /* Work.png */; };
		C6011EB91A6B748500B6DCF1 /* Worried_Selected.png in Resources */ = {isa = PBXBuildFile; fileRef = C6011E571A6B748500B6DCF1 /* Worried_Selected.png */; };
		C6011EBA1A6B748500B6DCF1 /* Worried.png in Resources */ = {isa = PBXBuildFile; fileRef = C6011E581A6B748500B6DCF1 /* Worried.png */; };
		C61905561A6AC9B100F48764 /* WebKit.framework in Frameworks */ = {isa = PBXBuildFile; fileRef = C61905551A6AC9B100F48764 /* WebKit.framework */; };
		C61905781A6ACB9800F48764 /* JBLandingViewController.m in Sources */ = {isa = PBXBuildFile; fileRef = C61905771A6ACB9800F48764 /* JBLandingViewController.m */; };
		C61905BF1A6ACC1700F48764 /* NSDate+UPPlatform.m in Sources */ = {isa = PBXBuildFile; fileRef = C61905921A6ACC1700F48764 /* NSDate+UPPlatform.m */; };
		C61905C01A6ACC1700F48764 /* NSDictionary+UPPlatform.m in Sources */ = {isa = PBXBuildFile; fileRef = C61905941A6ACC1700F48764 /* NSDictionary+UPPlatform.m */; };
		C61905C11A6ACC1700F48764 /* UPAuthViewController.m in Sources */ = {isa = PBXBuildFile; fileRef = C61905971A6ACC1700F48764 /* UPAuthViewController.m */; };
		C61905C21A6ACC1700F48764 /* UPBandEventAPI.m in Sources */ = {isa = PBXBuildFile; fileRef = C61905991A6ACC1700F48764 /* UPBandEventAPI.m */; };
		C61905C31A6ACC1700F48764 /* UPBaseEventAPI.m in Sources */ = {isa = PBXBuildFile; fileRef = C619059B1A6ACC1700F48764 /* UPBaseEventAPI.m */; };
		C61905C41A6ACC1700F48764 /* UPBodyEventAPI.m in Sources */ = {isa = PBXBuildFile; fileRef = C619059D1A6ACC1700F48764 /* UPBodyEventAPI.m */; };
		C61905C51A6ACC1700F48764 /* UPCardiacEventAPI.m in Sources */ = {isa = PBXBuildFile; fileRef = C619059F1A6ACC1700F48764 /* UPCardiacEventAPI.m */; };
		C61905C61A6ACC1700F48764 /* UPGenericEventAPI.m in Sources */ = {isa = PBXBuildFile; fileRef = C61905A21A6ACC1700F48764 /* UPGenericEventAPI.m */; };
		C61905C71A6ACC1700F48764 /* UPMealAPI.m in Sources */ = {isa = PBXBuildFile; fileRef = C61905A41A6ACC1700F48764 /* UPMealAPI.m */; };
		C61905C81A6ACC1700F48764 /* UPMoodAPI.m in Sources */ = {isa = PBXBuildFile; fileRef = C61905A61A6ACC1700F48764 /* UPMoodAPI.m */; };
		C61905C91A6ACC1700F48764 /* UPMoveAPI.m in Sources */ = {isa = PBXBuildFile; fileRef = C61905A81A6ACC1700F48764 /* UPMoveAPI.m */; };
		C61905CA1A6ACC1700F48764 /* UPPlatform.m in Sources */ = {isa = PBXBuildFile; fileRef = C61905AA1A6ACC1700F48764 /* UPPlatform.m */; };
		C61905CB1A6ACC1700F48764 /* UPPlatformSDK-Info.plist in Resources */ = {isa = PBXBuildFile; fileRef = C61905AB1A6ACC1700F48764 /* UPPlatformSDK-Info.plist */; };
		C61905CC1A6ACC1700F48764 /* UPPlatformSDK.m in Sources */ = {isa = PBXBuildFile; fileRef = C61905AF1A6ACC1700F48764 /* UPPlatformSDK.m */; };
		C61905CD1A6ACC1700F48764 /* UPSession.m in Sources */ = {isa = PBXBuildFile; fileRef = C61905B11A6ACC1700F48764 /* UPSession.m */; };
		C61905CE1A6ACC1700F48764 /* UPSleepAPI.m in Sources */ = {isa = PBXBuildFile; fileRef = C61905B31A6ACC1700F48764 /* UPSleepAPI.m */; };
		C61905CF1A6ACC1700F48764 /* UPURLRequest.m in Sources */ = {isa = PBXBuildFile; fileRef = C61905B51A6ACC1700F48764 /* UPURLRequest.m */; };
		C61905D01A6ACC1700F48764 /* UPURLResponse.m in Sources */ = {isa = PBXBuildFile; fileRef = C61905B71A6ACC1700F48764 /* UPURLResponse.m */; };
		C61905D11A6ACC1700F48764 /* UPUserAPI.m in Sources */ = {isa = PBXBuildFile; fileRef = C61905B91A6ACC1700F48764 /* UPUserAPI.m */; };
		C61905D21A6ACC1700F48764 /* UPWorkoutAPI.m in Sources */ = {isa = PBXBuildFile; fileRef = C61905BB1A6ACC1700F48764 /* UPWorkoutAPI.m */; };
		C61905DD1A6ACD1E00F48764 /* libUPPlatformSDK.a in Frameworks */ = {isa = PBXBuildFile; fileRef = C61905D81A6ACC1700F48764 /* libUPPlatformSDK.a */; };
		C61905DF1A6ACD9B00F48764 /* UIKit.framework in Frameworks */ = {isa = PBXBuildFile; fileRef = C61905DE1A6ACD9B00F48764 /* UIKit.framework */; };
		C61905E11A6ACDA500F48764 /* Foundation.framework in Frameworks */ = {isa = PBXBuildFile; fileRef = C61905E01A6ACDA500F48764 /* Foundation.framework */; };
		C61905EC1A6AD0D500F48764 /* libUPPlatform.a in Frameworks */ = {isa = PBXBuildFile; fileRef = C61905DC1A6ACC1700F48764 /* libUPPlatform.a */; };
		C61905EF1A6ADF1100F48764 /* Body.swift in Sources */ = {isa = PBXBuildFile; fileRef = C61905EE1A6ADF1100F48764 /* Body.swift */; };
		C61905F11A6ADF1A00F48764 /* Mind.swift in Sources */ = {isa = PBXBuildFile; fileRef = C61905F01A6ADF1A00F48764 /* Mind.swift */; };
		C61905F31A6ADF2100F48764 /* Lifestyle.swift in Sources */ = {isa = PBXBuildFile; fileRef = C61905F21A6ADF2100F48764 /* Lifestyle.swift */; };
		C62433CE1A6B4636004431ED /* MovementGraph.m in Sources */ = {isa = PBXBuildFile; fileRef = C62433CD1A6B4636004431ED /* MovementGraph.m */; };
		C62F4C551A69D569003E9FDB /* AppDelegate.swift in Sources */ = {isa = PBXBuildFile; fileRef = C62F4C541A69D569003E9FDB /* AppDelegate.swift */; };
		C62F4C581A69D569003E9FDB /* emoteful.xcdatamodeld in Sources */ = {isa = PBXBuildFile; fileRef = C62F4C561A69D569003E9FDB /* emoteful.xcdatamodeld */; };
		C62F4C621A69D569003E9FDB /* LaunchScreen.xib in Resources */ = {isa = PBXBuildFile; fileRef = C62F4C601A69D569003E9FDB /* LaunchScreen.xib */; };
		C62F4C6E1A69D569003E9FDB /* emotefulTests.swift in Sources */ = {isa = PBXBuildFile; fileRef = C62F4C6D1A69D569003E9FDB /* emotefulTests.swift */; };
		C62F4CD31A69D79A003E9FDB /* Bolts.framework in Frameworks */ = {isa = PBXBuildFile; fileRef = C62F4CCE1A69D79A003E9FDB /* Bolts.framework */; };
		C62F4CD41A69D79A003E9FDB /* Parse.framework in Frameworks */ = {isa = PBXBuildFile; fileRef = C62F4CCF1A69D79A003E9FDB /* Parse.framework */; };
		C62F4CD51A69D79A003E9FDB /* ParseCrashReporting.framework in Frameworks */ = {isa = PBXBuildFile; fileRef = C62F4CD01A69D79A003E9FDB /* ParseCrashReporting.framework */; };
		C62F4CD61A69D79A003E9FDB /* ParseFacebookUtils.framework in Frameworks */ = {isa = PBXBuildFile; fileRef = C62F4CD11A69D79A003E9FDB /* ParseFacebookUtils.framework */; };
		C62F4CD71A69D79A003E9FDB /* ParseUI.framework in Frameworks */ = {isa = PBXBuildFile; fileRef = C62F4CD21A69D79A003E9FDB /* ParseUI.framework */; };
		C62F4CDD1A69D86E003E9FDB /* File.swift in Sources */ = {isa = PBXBuildFile; fileRef = C62F4CDC1A69D86E003E9FDB /* File.swift */; };
		C62F4CDF1A69D889003E9FDB /* ViewController.swift in Sources */ = {isa = PBXBuildFile; fileRef = C62F4CDE1A69D889003E9FDB /* ViewController.swift */; };
		C62F4CE11A69D895003E9FDB /* Main.storyboard in Resources */ = {isa = PBXBuildFile; fileRef = C62F4CE01A69D895003E9FDB /* Main.storyboard */; };
		C62F4CE71A69D89E003E9FDB /* EmotionViewController.swift in Sources */ = {isa = PBXBuildFile; fileRef = C62F4CE21A69D89E003E9FDB /* EmotionViewController.swift */; };
		C62F4CE81A69D89E003E9FDB /* ReasonViewController.swift in Sources */ = {isa = PBXBuildFile; fileRef = C62F4CE31A69D89E003E9FDB /* ReasonViewController.swift */; };
		C62F4CE91A69D89E003E9FDB /* HomeViewController.swift in Sources */ = {isa = PBXBuildFile; fileRef = C62F4CE41A69D89E003E9FDB /* HomeViewController.swift */; };
		C62F4CEA1A69D89E003E9FDB /* CustomNavigationSegue.swift in Sources */ = {isa = PBXBuildFile; fileRef = C62F4CE51A69D89E003E9FDB /* CustomNavigationSegue.swift */; };
		C62F4CEB1A69D89E003E9FDB /* CustomTabBar.swift in Sources */ = {isa = PBXBuildFile; fileRef = C62F4CE61A69D89E003E9FDB /* CustomTabBar.swift */; };
		C62F4D1C1A69D933003E9FDB /* Accounts.framework in Frameworks */ = {isa = PBXBuildFile; fileRef = C62F4D1B1A69D933003E9FDB /* Accounts.framework */; };
		C62F4D1E1A69D938003E9FDB /* Social.framework in Frameworks */ = {isa = PBXBuildFile; fileRef = C62F4D1D1A69D938003E9FDB /* Social.framework */; };
		C62F4D201A69D941003E9FDB /* CoreImage.framework in Frameworks */ = {isa = PBXBuildFile; fileRef = C62F4D1F1A69D941003E9FDB /* CoreImage.framework */; };
		C62F4D221A69D94C003E9FDB /* libz.1.1.3.dylib in Frameworks */ = {isa = PBXBuildFile; fileRef = C62F4D211A69D94C003E9FDB /* libz.1.1.3.dylib */; };
		C62F4D241A69D952003E9FDB /* libsqlite3.dylib in Frameworks */ = {isa = PBXBuildFile; fileRef = C62F4D231A69D952003E9FDB /* libsqlite3.dylib */; };
		C62F4D261A69D963003E9FDB /* CoreData.framework in Frameworks */ = {isa = PBXBuildFile; fileRef = C62F4D251A69D963003E9FDB /* CoreData.framework */; };
		C62F4D281A69D96B003E9FDB /* libz.dylib in Frameworks */ = {isa = PBXBuildFile; fileRef = C62F4D271A69D96B003E9FDB /* libz.dylib */; };
		C62F4D2A1A69D973003E9FDB /* AudioToolbox.framework in Frameworks */ = {isa = PBXBuildFile; fileRef = C62F4D291A69D973003E9FDB /* AudioToolbox.framework */; };
		C62F4D2C1A69D97A003E9FDB /* CFNetwork.framework in Frameworks */ = {isa = PBXBuildFile; fileRef = C62F4D2B1A69D97A003E9FDB /* CFNetwork.framework */; };
		C62F4D2E1A69D981003E9FDB /* CoreGraphics.framework in Frameworks */ = {isa = PBXBuildFile; fileRef = C62F4D2D1A69D981003E9FDB /* CoreGraphics.framework */; };
		C62F4D301A69D988003E9FDB /* CoreLocation.framework in Frameworks */ = {isa = PBXBuildFile; fileRef = C62F4D2F1A69D988003E9FDB /* CoreLocation.framework */; };
		C62F4D321A69D98F003E9FDB /* MobileCoreServices.framework in Frameworks */ = {isa = PBXBuildFile; fileRef = C62F4D311A69D98F003E9FDB /* MobileCoreServices.framework */; };
		C62F4D341A69D998003E9FDB /* QuartzCore.framework in Frameworks */ = {isa = PBXBuildFile; fileRef = C62F4D331A69D998003E9FDB /* QuartzCore.framework */; };
		C62F4D361A69D99E003E9FDB /* Security.framework in Frameworks */ = {isa = PBXBuildFile; fileRef = C62F4D351A69D99E003E9FDB /* Security.framework */; };
		C62F4D381A69D9A4003E9FDB /* StoreKit.framework in Frameworks */ = {isa = PBXBuildFile; fileRef = C62F4D371A69D9A4003E9FDB /* StoreKit.framework */; };
		C62F4D3A1A69D9AC003E9FDB /* SystemConfiguration.framework in Frameworks */ = {isa = PBXBuildFile; fileRef = C62F4D391A69D9AC003E9FDB /* SystemConfiguration.framework */; };
		C69B8DD11A6A0ABE00370DC2 /* SettingsViewController.swift in Sources */ = {isa = PBXBuildFile; fileRef = C69B8DD01A6A0ABE00370DC2 /* SettingsViewController.swift */; };
		C6A91E311A6AE7770020216F /* SleepGraph.m in Sources */ = {isa = PBXBuildFile; fileRef = C6A91E301A6AE7770020216F /* SleepGraph.m */; };
/* End PBXBuildFile section */

/* Begin PBXContainerItemProxy section */
		C61905D71A6ACC1700F48764 /* PBXContainerItemProxy */ = {
			isa = PBXContainerItemProxy;
			containerPortal = C61905BC1A6ACC1700F48764 /* UPPlatformSDK.xcodeproj */;
			proxyType = 2;
			remoteGlobalIDString = E3E46C0017173670009CCA56;
			remoteInfo = UPPlatformSDK;
		};
		C61905D91A6ACC1700F48764 /* PBXContainerItemProxy */ = {
			isa = PBXContainerItemProxy;
			containerPortal = C61905BC1A6ACC1700F48764 /* UPPlatformSDK.xcodeproj */;
			proxyType = 2;
			remoteGlobalIDString = 48FA5F891768CA7900025723;
			remoteInfo = "UPPlatformSDK-OSX";
		};
		C61905DB1A6ACC1700F48764 /* PBXContainerItemProxy */ = {
			isa = PBXContainerItemProxy;
			containerPortal = C61905BC1A6ACC1700F48764 /* UPPlatformSDK.xcodeproj */;
			proxyType = 2;
			remoteGlobalIDString = 1FE2964118D24AD80047F094;
			remoteInfo = UPPlatform;
		};
		C62F4C681A69D569003E9FDB /* PBXContainerItemProxy */ = {
			isa = PBXContainerItemProxy;
			containerPortal = C62F4C471A69D569003E9FDB /* Project object */;
			proxyType = 1;
			remoteGlobalIDString = C62F4C4E1A69D569003E9FDB;
			remoteInfo = emoteful;
		};
/* End PBXContainerItemProxy section */

/* Begin PBXFileReference section */
		C6011DF71A6B748500B6DCF1 /* Angry_Selected.png */ = {isa = PBXFileReference; lastKnownFileType = image.png; path = Angry_Selected.png; sourceTree = "<group>"; };
		C6011DF81A6B748500B6DCF1 /* Angry.png */ = {isa = PBXFileReference; lastKnownFileType = image.png; path = Angry.png; sourceTree = "<group>"; };
		C6011DFB1A6B748500B6DCF1 /* Background.png */ = {isa = PBXFileReference; lastKnownFileType = image.png; path = Background.png; sourceTree = "<group>"; };
		C6011DFC1A6B748500B6DCF1 /* body_selected.png */ = {isa = PBXFileReference; lastKnownFileType = image.png; path = body_selected.png; sourceTree = "<group>"; };
		C6011DFD1A6B748500B6DCF1 /* body_un.png */ = {isa = PBXFileReference; lastKnownFileType = image.png; path = body_un.png; sourceTree = "<group>"; };
		C6011DFE1A6B748500B6DCF1 /* Circle_white.png */ = {isa = PBXFileReference; lastKnownFileType = image.png; path = Circle_white.png; sourceTree = "<group>"; };
		C6011DFF1A6B748500B6DCF1 /* Circle.png */ = {isa = PBXFileReference; lastKnownFileType = image.png; path = Circle.png; sourceTree = "<group>"; };
		C6011E011A6B748500B6DCF1 /* DooBox.png */ = {isa = PBXFileReference; lastKnownFileType = image.png; path = DooBox.png; sourceTree = "<group>"; };
		C6011E021A6B748500B6DCF1 /* emoteful-header-logo.png */ = {isa = PBXFileReference; lastKnownFileType = image.png; path = "emoteful-header-logo.png"; sourceTree = "<group>"; };
		C6011E031A6B748500B6DCF1 /* emoteful.png */ = {isa = PBXFileReference; lastKnownFileType = image.png; path = emoteful.png; sourceTree = "<group>"; };
		C6011E041A6B748500B6DCF1 /* emotes.png */ = {isa = PBXFileReference; lastKnownFileType = image.png; path = emotes.png; sourceTree = "<group>"; };
		C6011E051A6B748500B6DCF1 /* emotes_u.png */ = {isa = PBXFileReference; lastKnownFileType = image.png; path = emotes_u.png; sourceTree = "<group>"; };
		C6011E0A1A6B748500B6DCF1 /* Exercise_s.png */ = {isa = PBXFileReference; lastKnownFileType = image.png; path = Exercise_s.png; sourceTree = "<group>"; };
		C6011E0B1A6B748500B6DCF1 /* Exercise.png */ = {isa = PBXFileReference; lastKnownFileType = image.png; path = Exercise.png; sourceTree = "<group>"; };
		C6011E0E1A6B748500B6DCF1 /* Friends_s.png */ = {isa = PBXFileReference; lastKnownFileType = image.png; path = Friends_s.png; sourceTree = "<group>"; };
		C6011E0F1A6B748500B6DCF1 /* Friends.png */ = {isa = PBXFileReference; lastKnownFileType = image.png; path = Friends.png; sourceTree = "<group>"; };
		C6011E101A6B748500B6DCF1 /* Happy_Selected.png */ = {isa = PBXFileReference; lastKnownFileType = image.png; path = Happy_Selected.png; sourceTree = "<group>"; };
		C6011E111A6B748500B6DCF1 /* Happy.png */ = {isa = PBXFileReference; lastKnownFileType = image.png; path = Happy.png; sourceTree = "<group>"; };
		C6011E141A6B748500B6DCF1 /* Homework_s.png */ = {isa = PBXFileReference; lastKnownFileType = image.png; path = Homework_s.png; sourceTree = "<group>"; };
		C6011E151A6B748500B6DCF1 /* Homework.png */ = {isa = PBXFileReference; lastKnownFileType = image.png; path = Homework.png; sourceTree = "<group>"; };
		C6011E161A6B748500B6DCF1 /* Icon-60.png */ = {isa = PBXFileReference; lastKnownFileType = image.png; path = "Icon-60.png"; sourceTree = "<group>"; };
		C6011E171A6B748500B6DCF1 /* Icon-60@2x.png */ = {isa = PBXFileReference; lastKnownFileType = image.png; path = "Icon-60@2x.png"; sourceTree = "<group>"; };
		C6011E181A6B748500B6DCF1 /* Icon-60@3x.png */ = {isa = PBXFileReference; lastKnownFileType = image.png; path = "Icon-60@3x.png"; sourceTree = "<group>"; };
		C6011E191A6B748500B6DCF1 /* Icon-72.png */ = {isa = PBXFileReference; lastKnownFileType = image.png; path = "Icon-72.png"; sourceTree = "<group>"; };
		C6011E1A1A6B748500B6DCF1 /* Icon-72@2x.png */ = {isa = PBXFileReference; lastKnownFileType = image.png; path = "Icon-72@2x.png"; sourceTree = "<group>"; };
		C6011E1B1A6B748500B6DCF1 /* Icon-76.png */ = {isa = PBXFileReference; lastKnownFileType = image.png; path = "Icon-76.png"; sourceTree = "<group>"; };
		C6011E1C1A6B748500B6DCF1 /* Icon-76@2x.png */ = {isa = PBXFileReference; lastKnownFileType = image.png; path = "Icon-76@2x.png"; sourceTree = "<group>"; };
		C6011E1D1A6B748500B6DCF1 /* Icon-Small-40.png */ = {isa = PBXFileReference; lastKnownFileType = image.png; path = "Icon-Small-40.png"; sourceTree = "<group>"; };
		C6011E1E1A6B748500B6DCF1 /* Icon-Small-40@2x.png */ = {isa = PBXFileReference; lastKnownFileType = image.png; path = "Icon-Small-40@2x.png"; sourceTree = "<group>"; };
		C6011E1F1A6B748500B6DCF1 /* Icon-Small-40@3x.png */ = {isa = PBXFileReference; lastKnownFileType = image.png; path = "Icon-Small-40@3x.png"; sourceTree = "<group>"; };
		C6011E201A6B748500B6DCF1 /* Icon-Small-50.png */ = {isa = PBXFileReference; lastKnownFileType = image.png; path = "Icon-Small-50.png"; sourceTree = "<group>"; };
		C6011E211A6B748500B6DCF1 /* Icon-Small-50@2x.png */ = {isa = PBXFileReference; lastKnownFileType = image.png; path = "Icon-Small-50@2x.png"; sourceTree = "<group>"; };
		C6011E221A6B748500B6DCF1 /* Icon-Small.png */ = {isa = PBXFileReference; lastKnownFileType = image.png; path = "Icon-Small.png"; sourceTree = "<group>"; };
		C6011E231A6B748500B6DCF1 /* Icon-Small@2x.png */ = {isa = PBXFileReference; lastKnownFileType = image.png; path = "Icon-Small@2x.png"; sourceTree = "<group>"; };
		C6011E241A6B748500B6DCF1 /* Icon-Small@3x.png */ = {isa = PBXFileReference; lastKnownFileType = image.png; path = "Icon-Small@3x.png"; sourceTree = "<group>"; };
		C6011E251A6B748500B6DCF1 /* Icon.png */ = {isa = PBXFileReference; lastKnownFileType = image.png; path = Icon.png; sourceTree = "<group>"; };
		C6011E261A6B748500B6DCF1 /* Icon@2x.png */ = {isa = PBXFileReference; lastKnownFileType = image.png; path = "Icon@2x.png"; sourceTree = "<group>"; };
		C6011E271A6B748500B6DCF1 /* IMG_4137.jpeg */ = {isa = PBXFileReference; lastKnownFileType = image.jpeg; path = IMG_4137.jpeg; sourceTree = "<group>"; };
		C6011E281A6B748500B6DCF1 /* iTunesArtwork@2x.png */ = {isa = PBXFileReference; lastKnownFileType = image.png; path = "iTunesArtwork@2x.png"; sourceTree = "<group>"; };
		C6011E291A6B748500B6DCF1 /* lifestyle.png */ = {isa = PBXFileReference; lastKnownFileType = image.png; path = lifestyle.png; sourceTree = "<group>"; };
		C6011E2B1A6B748500B6DCF1 /* lifestyle_u.png */ = {isa = PBXFileReference; lastKnownFileType = image.png; path = lifestyle_u.png; sourceTree = "<group>"; };
		C6011E2F1A6B748500B6DCF1 /* Meh_Selected.png */ = {isa = PBXFileReference; lastKnownFileType = image.png; path = Meh_Selected.png; sourceTree = "<group>"; };
		C6011E301A6B748500B6DCF1 /* Meh.png */ = {isa = PBXFileReference; lastKnownFileType = image.png; path = Meh.png; sourceTree = "<group>"; };
		C6011E311A6B748500B6DCF1 /* mind_selected.png */ = {isa = PBXFileReference; lastKnownFileType = image.png; path = mind_selected.png; sourceTree = "<group>"; };
		C6011E321A6B748500B6DCF1 /* mind_un.png */ = {isa = PBXFileReference; lastKnownFileType = image.png; path = mind_un.png; sourceTree = "<group>"; };
		C6011E331A6B748500B6DCF1 /* moves.png */ = {isa = PBXFileReference; lastKnownFileType = image.png; path = moves.png; sourceTree = "<group>"; };
		C6011E341A6B748500B6DCF1 /* moves_u.png */ = {isa = PBXFileReference; lastKnownFileType = image.png; path = moves_u.png; sourceTree = "<group>"; };
		C6011E391A6B748500B6DCF1 /* Relationships_s.png */ = {isa = PBXFileReference; lastKnownFileType = image.png; path = Relationships_s.png; sourceTree = "<group>"; };
		C6011E3A1A6B748500B6DCF1 /* Relationships.png */ = {isa = PBXFileReference; lastKnownFileType = image.png; path = Relationships.png; sourceTree = "<group>"; };
		C6011E3B1A6B748500B6DCF1 /* Sad_Selected.png */ = {isa = PBXFileReference; lastKnownFileType = image.png; path = Sad_Selected.png; sourceTree = "<group>"; };
		C6011E3C1A6B748500B6DCF1 /* Sad.png */ = {isa = PBXFileReference; lastKnownFileType = image.png; path = Sad.png; sourceTree = "<group>"; };
		C6011E4B1A6B748500B6DCF1 /* Stressed_Selected.png */ = {isa = PBXFileReference; lastKnownFileType = image.png; path = Stressed_Selected.png; sourceTree = "<group>"; };
		C6011E4C1A6B748500B6DCF1 /* Stressed.png */ = {isa = PBXFileReference; lastKnownFileType = image.png; path = Stressed.png; sourceTree = "<group>"; };
		C6011E511A6B748500B6DCF1 /* Weather_s.png */ = {isa = PBXFileReference; lastKnownFileType = image.png; path = Weather_s.png; sourceTree = "<group>"; };
		C6011E521A6B748500B6DCF1 /* Weather.png */ = {isa = PBXFileReference; lastKnownFileType = image.png; path = Weather.png; sourceTree = "<group>"; };
		C6011E551A6B748500B6DCF1 /* Work_s.png */ = {isa = PBXFileReference; lastKnownFileType = image.png; path = Work_s.png; sourceTree = "<group>"; };
		C6011E561A6B748500B6DCF1 /* Work.png */ = {isa = PBXFileReference; lastKnownFileType = image.png; path = Work.png; sourceTree = "<group>"; };
		C6011E571A6B748500B6DCF1 /* Worried_Selected.png */ = {isa = PBXFileReference; lastKnownFileType = image.png; path = Worried_Selected.png; sourceTree = "<group>"; };
		C6011E581A6B748500B6DCF1 /* Worried.png */ = {isa = PBXFileReference; lastKnownFileType = image.png; path = Worried.png; sourceTree = "<group>"; };
		C61905551A6AC9B100F48764 /* WebKit.framework */ = {isa = PBXFileReference; lastKnownFileType = wrapper.framework; name = WebKit.framework; path = System/Library/Frameworks/WebKit.framework; sourceTree = SDKROOT; };
		C61905741A6ACB4900F48764 /* libUPPlatformSDK.a */ = {isa = PBXFileReference; lastKnownFileType = archive.ar; name = libUPPlatformSDK.a; path = "../../../Library/Developer/Xcode/DerivedData/APIExplorer-fjylwabfyqhrkodgdtwnpotksbln/Build/Products/Debug-iphoneos/libUPPlatformSDK.a"; sourceTree = "<group>"; };
		C61905761A6ACB9800F48764 /* JBLandingViewController.h */ = {isa = PBXFileReference; fileEncoding = 4; lastKnownFileType = sourcecode.c.h; path = JBLandingViewController.h; sourceTree = "<group>"; };
		C61905771A6ACB9800F48764 /* JBLandingViewController.m */ = {isa = PBXFileReference; fileEncoding = 4; lastKnownFileType = sourcecode.c.objc; path = JBLandingViewController.m; sourceTree = "<group>"; };
		C61905911A6ACC1700F48764 /* NSDate+UPPlatform.h */ = {isa = PBXFileReference; fileEncoding = 4; lastKnownFileType = sourcecode.c.h; path = "NSDate+UPPlatform.h"; sourceTree = "<group>"; };
		C61905921A6ACC1700F48764 /* NSDate+UPPlatform.m */ = {isa = PBXFileReference; fileEncoding = 4; lastKnownFileType = sourcecode.c.objc; path = "NSDate+UPPlatform.m"; sourceTree = "<group>"; };
		C61905931A6ACC1700F48764 /* NSDictionary+UPPlatform.h */ = {isa = PBXFileReference; fileEncoding = 4; lastKnownFileType = sourcecode.c.h; path = "NSDictionary+UPPlatform.h"; sourceTree = "<group>"; };
		C61905941A6ACC1700F48764 /* NSDictionary+UPPlatform.m */ = {isa = PBXFileReference; fileEncoding = 4; lastKnownFileType = sourcecode.c.objc; path = "NSDictionary+UPPlatform.m"; sourceTree = "<group>"; };
		C61905951A6ACC1700F48764 /* UP.h */ = {isa = PBXFileReference; fileEncoding = 4; lastKnownFileType = sourcecode.c.h; path = UP.h; sourceTree = "<group>"; };
		C61905961A6ACC1700F48764 /* UPAuthViewController.h */ = {isa = PBXFileReference; fileEncoding = 4; lastKnownFileType = sourcecode.c.h; path = UPAuthViewController.h; sourceTree = "<group>"; };
		C61905971A6ACC1700F48764 /* UPAuthViewController.m */ = {isa = PBXFileReference; fileEncoding = 4; lastKnownFileType = sourcecode.c.objc; path = UPAuthViewController.m; sourceTree = "<group>"; };
		C61905981A6ACC1700F48764 /* UPBandEventAPI.h */ = {isa = PBXFileReference; fileEncoding = 4; lastKnownFileType = sourcecode.c.h; path = UPBandEventAPI.h; sourceTree = "<group>"; };
		C61905991A6ACC1700F48764 /* UPBandEventAPI.m */ = {isa = PBXFileReference; fileEncoding = 4; lastKnownFileType = sourcecode.c.objc; path = UPBandEventAPI.m; sourceTree = "<group>"; };
		C619059A1A6ACC1700F48764 /* UPBaseEventAPI.h */ = {isa = PBXFileReference; fileEncoding = 4; lastKnownFileType = sourcecode.c.h; path = UPBaseEventAPI.h; sourceTree = "<group>"; };
		C619059B1A6ACC1700F48764 /* UPBaseEventAPI.m */ = {isa = PBXFileReference; fileEncoding = 4; lastKnownFileType = sourcecode.c.objc; path = UPBaseEventAPI.m; sourceTree = "<group>"; };
		C619059C1A6ACC1700F48764 /* UPBodyEventAPI.h */ = {isa = PBXFileReference; fileEncoding = 4; lastKnownFileType = sourcecode.c.h; path = UPBodyEventAPI.h; sourceTree = "<group>"; };
		C619059D1A6ACC1700F48764 /* UPBodyEventAPI.m */ = {isa = PBXFileReference; fileEncoding = 4; lastKnownFileType = sourcecode.c.objc; path = UPBodyEventAPI.m; sourceTree = "<group>"; };
		C619059E1A6ACC1700F48764 /* UPCardiacEventAPI.h */ = {isa = PBXFileReference; fileEncoding = 4; lastKnownFileType = sourcecode.c.h; path = UPCardiacEventAPI.h; sourceTree = "<group>"; };
		C619059F1A6ACC1700F48764 /* UPCardiacEventAPI.m */ = {isa = PBXFileReference; fileEncoding = 4; lastKnownFileType = sourcecode.c.objc; path = UPCardiacEventAPI.m; sourceTree = "<group>"; };
		C61905A01A6ACC1700F48764 /* UPDefines.h */ = {isa = PBXFileReference; fileEncoding = 4; lastKnownFileType = sourcecode.c.h; path = UPDefines.h; sourceTree = "<group>"; };
		C61905A11A6ACC1700F48764 /* UPGenericEventAPI.h */ = {isa = PBXFileReference; fileEncoding = 4; lastKnownFileType = sourcecode.c.h; path = UPGenericEventAPI.h; sourceTree = "<group>"; };
		C61905A21A6ACC1700F48764 /* UPGenericEventAPI.m */ = {isa = PBXFileReference; fileEncoding = 4; lastKnownFileType = sourcecode.c.objc; path = UPGenericEventAPI.m; sourceTree = "<group>"; };
		C61905A31A6ACC1700F48764 /* UPMealAPI.h */ = {isa = PBXFileReference; fileEncoding = 4; lastKnownFileType = sourcecode.c.h; path = UPMealAPI.h; sourceTree = "<group>"; };
		C61905A41A6ACC1700F48764 /* UPMealAPI.m */ = {isa = PBXFileReference; fileEncoding = 4; lastKnownFileType = sourcecode.c.objc; path = UPMealAPI.m; sourceTree = "<group>"; };
		C61905A51A6ACC1700F48764 /* UPMoodAPI.h */ = {isa = PBXFileReference; fileEncoding = 4; lastKnownFileType = sourcecode.c.h; path = UPMoodAPI.h; sourceTree = "<group>"; };
		C61905A61A6ACC1700F48764 /* UPMoodAPI.m */ = {isa = PBXFileReference; fileEncoding = 4; lastKnownFileType = sourcecode.c.objc; path = UPMoodAPI.m; sourceTree = "<group>"; };
		C61905A71A6ACC1700F48764 /* UPMoveAPI.h */ = {isa = PBXFileReference; fileEncoding = 4; lastKnownFileType = sourcecode.c.h; path = UPMoveAPI.h; sourceTree = "<group>"; };
		C61905A81A6ACC1700F48764 /* UPMoveAPI.m */ = {isa = PBXFileReference; fileEncoding = 4; lastKnownFileType = sourcecode.c.objc; path = UPMoveAPI.m; sourceTree = "<group>"; };
		C61905A91A6ACC1700F48764 /* UPPlatform.h */ = {isa = PBXFileReference; fileEncoding = 4; lastKnownFileType = sourcecode.c.h; path = UPPlatform.h; sourceTree = "<group>"; };
		C61905AA1A6ACC1700F48764 /* UPPlatform.m */ = {isa = PBXFileReference; fileEncoding = 4; lastKnownFileType = sourcecode.c.objc; path = UPPlatform.m; sourceTree = "<group>"; };
		C61905AB1A6ACC1700F48764 /* UPPlatformSDK-Info.plist */ = {isa = PBXFileReference; fileEncoding = 4; lastKnownFileType = text.plist.xml; path = "UPPlatformSDK-Info.plist"; sourceTree = "<group>"; };
		C61905AC1A6ACC1700F48764 /* UPPlatformSDK-OS-X-Prefix.pch */ = {isa = PBXFileReference; fileEncoding = 4; lastKnownFileType = sourcecode.c.h; path = "UPPlatformSDK-OS-X-Prefix.pch"; sourceTree = "<group>"; };
		C61905AD1A6ACC1700F48764 /* UPPlatformSDK-Prefix.pch */ = {isa = PBXFileReference; fileEncoding = 4; lastKnownFileType = sourcecode.c.h; path = "UPPlatformSDK-Prefix.pch"; sourceTree = "<group>"; };
		C61905AE1A6ACC1700F48764 /* UPPlatformSDK.h */ = {isa = PBXFileReference; fileEncoding = 4; lastKnownFileType = sourcecode.c.h; path = UPPlatformSDK.h; sourceTree = "<group>"; };
		C61905AF1A6ACC1700F48764 /* UPPlatformSDK.m */ = {isa = PBXFileReference; fileEncoding = 4; lastKnownFileType = sourcecode.c.objc; path = UPPlatformSDK.m; sourceTree = "<group>"; };
		C61905B01A6ACC1700F48764 /* UPSession.h */ = {isa = PBXFileReference; fileEncoding = 4; lastKnownFileType = sourcecode.c.h; path = UPSession.h; sourceTree = "<group>"; };
		C61905B11A6ACC1700F48764 /* UPSession.m */ = {isa = PBXFileReference; fileEncoding = 4; lastKnownFileType = sourcecode.c.objc; path = UPSession.m; sourceTree = "<group>"; };
		C61905B21A6ACC1700F48764 /* UPSleepAPI.h */ = {isa = PBXFileReference; fileEncoding = 4; lastKnownFileType = sourcecode.c.h; path = UPSleepAPI.h; sourceTree = "<group>"; };
		C61905B31A6ACC1700F48764 /* UPSleepAPI.m */ = {isa = PBXFileReference; fileEncoding = 4; lastKnownFileType = sourcecode.c.objc; path = UPSleepAPI.m; sourceTree = "<group>"; };
		C61905B41A6ACC1700F48764 /* UPURLRequest.h */ = {isa = PBXFileReference; fileEncoding = 4; lastKnownFileType = sourcecode.c.h; path = UPURLRequest.h; sourceTree = "<group>"; };
		C61905B51A6ACC1700F48764 /* UPURLRequest.m */ = {isa = PBXFileReference; fileEncoding = 4; lastKnownFileType = sourcecode.c.objc; path = UPURLRequest.m; sourceTree = "<group>"; };
		C61905B61A6ACC1700F48764 /* UPURLResponse.h */ = {isa = PBXFileReference; fileEncoding = 4; lastKnownFileType = sourcecode.c.h; path = UPURLResponse.h; sourceTree = "<group>"; };
		C61905B71A6ACC1700F48764 /* UPURLResponse.m */ = {isa = PBXFileReference; fileEncoding = 4; lastKnownFileType = sourcecode.c.objc; path = UPURLResponse.m; sourceTree = "<group>"; };
		C61905B81A6ACC1700F48764 /* UPUserAPI.h */ = {isa = PBXFileReference; fileEncoding = 4; lastKnownFileType = sourcecode.c.h; path = UPUserAPI.h; sourceTree = "<group>"; };
		C61905B91A6ACC1700F48764 /* UPUserAPI.m */ = {isa = PBXFileReference; fileEncoding = 4; lastKnownFileType = sourcecode.c.objc; path = UPUserAPI.m; sourceTree = "<group>"; };
		C61905BA1A6ACC1700F48764 /* UPWorkoutAPI.h */ = {isa = PBXFileReference; fileEncoding = 4; lastKnownFileType = sourcecode.c.h; path = UPWorkoutAPI.h; sourceTree = "<group>"; };
		C61905BB1A6ACC1700F48764 /* UPWorkoutAPI.m */ = {isa = PBXFileReference; fileEncoding = 4; lastKnownFileType = sourcecode.c.objc; path = UPWorkoutAPI.m; sourceTree = "<group>"; };
		C61905BC1A6ACC1700F48764 /* UPPlatformSDK.xcodeproj */ = {isa = PBXFileReference; lastKnownFileType = "wrapper.pb-project"; path = UPPlatformSDK.xcodeproj; sourceTree = "<group>"; };
		C61905DE1A6ACD9B00F48764 /* UIKit.framework */ = {isa = PBXFileReference; lastKnownFileType = wrapper.framework; name = UIKit.framework; path = System/Library/Frameworks/UIKit.framework; sourceTree = SDKROOT; };
		C61905E01A6ACDA500F48764 /* Foundation.framework */ = {isa = PBXFileReference; lastKnownFileType = wrapper.framework; name = Foundation.framework; path = System/Library/Frameworks/Foundation.framework; sourceTree = SDKROOT; };
		C61905EE1A6ADF1100F48764 /* Body.swift */ = {isa = PBXFileReference; fileEncoding = 4; lastKnownFileType = sourcecode.swift; path = Body.swift; sourceTree = "<group>"; };
		C61905F01A6ADF1A00F48764 /* Mind.swift */ = {isa = PBXFileReference; fileEncoding = 4; lastKnownFileType = sourcecode.swift; path = Mind.swift; sourceTree = "<group>"; };
		C61905F21A6ADF2100F48764 /* Lifestyle.swift */ = {isa = PBXFileReference; fileEncoding = 4; lastKnownFileType = sourcecode.swift; path = Lifestyle.swift; sourceTree = "<group>"; };
		C62433CD1A6B4636004431ED /* MovementGraph.m */ = {isa = PBXFileReference; fileEncoding = 4; lastKnownFileType = sourcecode.c.objc; path = MovementGraph.m; sourceTree = "<group>"; };
		C62F4C4F1A69D569003E9FDB /* emoteful.app */ = {isa = PBXFileReference; explicitFileType = wrapper.application; includeInIndex = 0; path = emoteful.app; sourceTree = BUILT_PRODUCTS_DIR; };
		C62F4C531A69D569003E9FDB /* Info.plist */ = {isa = PBXFileReference; lastKnownFileType = text.plist.xml; path = Info.plist; sourceTree = "<group>"; };
		C62F4C541A69D569003E9FDB /* AppDelegate.swift */ = {isa = PBXFileReference; lastKnownFileType = sourcecode.swift; path = AppDelegate.swift; sourceTree = "<group>"; };
		C62F4C571A69D569003E9FDB /* emoteful.xcdatamodel */ = {isa = PBXFileReference; lastKnownFileType = wrapper.xcdatamodel; path = emoteful.xcdatamodel; sourceTree = "<group>"; };
		C62F4C611A69D569003E9FDB /* Base */ = {isa = PBXFileReference; lastKnownFileType = file.xib; name = Base; path = Base.lproj/LaunchScreen.xib; sourceTree = "<group>"; };
		C62F4C671A69D569003E9FDB /* emotefulTests.xctest */ = {isa = PBXFileReference; explicitFileType = wrapper.cfbundle; includeInIndex = 0; path = emotefulTests.xctest; sourceTree = BUILT_PRODUCTS_DIR; };
		C62F4C6C1A69D569003E9FDB /* Info.plist */ = {isa = PBXFileReference; lastKnownFileType = text.plist.xml; path = Info.plist; sourceTree = "<group>"; };
		C62F4C6D1A69D569003E9FDB /* emotefulTests.swift */ = {isa = PBXFileReference; lastKnownFileType = sourcecode.swift; path = emotefulTests.swift; sourceTree = "<group>"; };
		C62F4CCE1A69D79A003E9FDB /* Bolts.framework */ = {isa = PBXFileReference; lastKnownFileType = wrapper.framework; path = Bolts.framework; sourceTree = "<group>"; };
		C62F4CCF1A69D79A003E9FDB /* Parse.framework */ = {isa = PBXFileReference; lastKnownFileType = wrapper.framework; path = Parse.framework; sourceTree = "<group>"; };
		C62F4CD01A69D79A003E9FDB /* ParseCrashReporting.framework */ = {isa = PBXFileReference; lastKnownFileType = wrapper.framework; path = ParseCrashReporting.framework; sourceTree = "<group>"; };
		C62F4CD11A69D79A003E9FDB /* ParseFacebookUtils.framework */ = {isa = PBXFileReference; lastKnownFileType = wrapper.framework; path = ParseFacebookUtils.framework; sourceTree = "<group>"; };
		C62F4CD21A69D79A003E9FDB /* ParseUI.framework */ = {isa = PBXFileReference; lastKnownFileType = wrapper.framework; path = ParseUI.framework; sourceTree = "<group>"; };
		C62F4CD91A69D80E003E9FDB /* emoteful-Bridging-Header.h */ = {isa = PBXFileReference; lastKnownFileType = sourcecode.c.h; path = "emoteful-Bridging-Header.h"; sourceTree = SOURCE_ROOT; };
		C62F4CDC1A69D86E003E9FDB /* File.swift */ = {isa = PBXFileReference; fileEncoding = 4; lastKnownFileType = sourcecode.swift; path = File.swift; sourceTree = "<group>"; };
		C62F4CDE1A69D889003E9FDB /* ViewController.swift */ = {isa = PBXFileReference; fileEncoding = 4; lastKnownFileType = sourcecode.swift; path = ViewController.swift; sourceTree = "<group>"; };
		C62F4CE01A69D895003E9FDB /* Main.storyboard */ = {isa = PBXFileReference; fileEncoding = 4; lastKnownFileType = file.storyboard; path = Main.storyboard; sourceTree = "<group>"; };
		C62F4CE21A69D89E003E9FDB /* EmotionViewController.swift */ = {isa = PBXFileReference; fileEncoding = 4; lastKnownFileType = sourcecode.swift; path = EmotionViewController.swift; sourceTree = "<group>"; };
		C62F4CE31A69D89E003E9FDB /* ReasonViewController.swift */ = {isa = PBXFileReference; fileEncoding = 4; lastKnownFileType = sourcecode.swift; path = ReasonViewController.swift; sourceTree = "<group>"; };
		C62F4CE41A69D89E003E9FDB /* HomeViewController.swift */ = {isa = PBXFileReference; fileEncoding = 4; lastKnownFileType = sourcecode.swift; path = HomeViewController.swift; sourceTree = "<group>"; };
		C62F4CE51A69D89E003E9FDB /* CustomNavigationSegue.swift */ = {isa = PBXFileReference; fileEncoding = 4; lastKnownFileType = sourcecode.swift; path = CustomNavigationSegue.swift; sourceTree = "<group>"; };
		C62F4CE61A69D89E003E9FDB /* CustomTabBar.swift */ = {isa = PBXFileReference; fileEncoding = 4; lastKnownFileType = sourcecode.swift; path = CustomTabBar.swift; sourceTree = "<group>"; };
		C62F4D1B1A69D933003E9FDB /* Accounts.framework */ = {isa = PBXFileReference; lastKnownFileType = wrapper.framework; name = Accounts.framework; path = System/Library/Frameworks/Accounts.framework; sourceTree = SDKROOT; };
		C62F4D1D1A69D938003E9FDB /* Social.framework */ = {isa = PBXFileReference; lastKnownFileType = wrapper.framework; name = Social.framework; path = System/Library/Frameworks/Social.framework; sourceTree = SDKROOT; };
		C62F4D1F1A69D941003E9FDB /* CoreImage.framework */ = {isa = PBXFileReference; lastKnownFileType = wrapper.framework; name = CoreImage.framework; path = System/Library/Frameworks/CoreImage.framework; sourceTree = SDKROOT; };
		C62F4D211A69D94C003E9FDB /* libz.1.1.3.dylib */ = {isa = PBXFileReference; lastKnownFileType = "compiled.mach-o.dylib"; name = libz.1.1.3.dylib; path = usr/lib/libz.1.1.3.dylib; sourceTree = SDKROOT; };
		C62F4D231A69D952003E9FDB /* libsqlite3.dylib */ = {isa = PBXFileReference; lastKnownFileType = "compiled.mach-o.dylib"; name = libsqlite3.dylib; path = usr/lib/libsqlite3.dylib; sourceTree = SDKROOT; };
		C62F4D251A69D963003E9FDB /* CoreData.framework */ = {isa = PBXFileReference; lastKnownFileType = wrapper.framework; name = CoreData.framework; path = System/Library/Frameworks/CoreData.framework; sourceTree = SDKROOT; };
		C62F4D271A69D96B003E9FDB /* libz.dylib */ = {isa = PBXFileReference; lastKnownFileType = "compiled.mach-o.dylib"; name = libz.dylib; path = usr/lib/libz.dylib; sourceTree = SDKROOT; };
		C62F4D291A69D973003E9FDB /* AudioToolbox.framework */ = {isa = PBXFileReference; lastKnownFileType = wrapper.framework; name = AudioToolbox.framework; path = System/Library/Frameworks/AudioToolbox.framework; sourceTree = SDKROOT; };
		C62F4D2B1A69D97A003E9FDB /* CFNetwork.framework */ = {isa = PBXFileReference; lastKnownFileType = wrapper.framework; name = CFNetwork.framework; path = System/Library/Frameworks/CFNetwork.framework; sourceTree = SDKROOT; };
		C62F4D2D1A69D981003E9FDB /* CoreGraphics.framework */ = {isa = PBXFileReference; lastKnownFileType = wrapper.framework; name = CoreGraphics.framework; path = System/Library/Frameworks/CoreGraphics.framework; sourceTree = SDKROOT; };
		C62F4D2F1A69D988003E9FDB /* CoreLocation.framework */ = {isa = PBXFileReference; lastKnownFileType = wrapper.framework; name = CoreLocation.framework; path = System/Library/Frameworks/CoreLocation.framework; sourceTree = SDKROOT; };
		C62F4D311A69D98F003E9FDB /* MobileCoreServices.framework */ = {isa = PBXFileReference; lastKnownFileType = wrapper.framework; name = MobileCoreServices.framework; path = System/Library/Frameworks/MobileCoreServices.framework; sourceTree = SDKROOT; };
		C62F4D331A69D998003E9FDB /* QuartzCore.framework */ = {isa = PBXFileReference; lastKnownFileType = wrapper.framework; name = QuartzCore.framework; path = System/Library/Frameworks/QuartzCore.framework; sourceTree = SDKROOT; };
		C62F4D351A69D99E003E9FDB /* Security.framework */ = {isa = PBXFileReference; lastKnownFileType = wrapper.framework; name = Security.framework; path = System/Library/Frameworks/Security.framework; sourceTree = SDKROOT; };
		C62F4D371A69D9A4003E9FDB /* StoreKit.framework */ = {isa = PBXFileReference; lastKnownFileType = wrapper.framework; name = StoreKit.framework; path = System/Library/Frameworks/StoreKit.framework; sourceTree = SDKROOT; };
		C62F4D391A69D9AC003E9FDB /* SystemConfiguration.framework */ = {isa = PBXFileReference; lastKnownFileType = wrapper.framework; name = SystemConfiguration.framework; path = System/Library/Frameworks/SystemConfiguration.framework; sourceTree = SDKROOT; };
		C69B8DCE1A69F44F00370DC2 /* UPPlatformSDK.framework */ = {isa = PBXFileReference; lastKnownFileType = wrapper.framework; path = UPPlatformSDK.framework; sourceTree = "<group>"; };
		C69B8DD01A6A0ABE00370DC2 /* SettingsViewController.swift */ = {isa = PBXFileReference; fileEncoding = 4; lastKnownFileType = sourcecode.swift; path = SettingsViewController.swift; sourceTree = "<group>"; };
		C6A91E301A6AE7770020216F /* SleepGraph.m */ = {isa = PBXFileReference; fileEncoding = 4; lastKnownFileType = sourcecode.c.objc; name = SleepGraph.m; path = ../SleepGraph.m; sourceTree = "<group>"; };
/* End PBXFileReference section */

/* Begin PBXFrameworksBuildPhase section */
		C62F4C4C1A69D569003E9FDB /* Frameworks */ = {
			isa = PBXFrameworksBuildPhase;
			buildActionMask = 2147483647;
			files = (
				C61905EC1A6AD0D500F48764 /* libUPPlatform.a in Frameworks */,
				C61905E11A6ACDA500F48764 /* Foundation.framework in Frameworks */,
				C61905DF1A6ACD9B00F48764 /* UIKit.framework in Frameworks */,
				C61905DD1A6ACD1E00F48764 /* libUPPlatformSDK.a in Frameworks */,
				C61905561A6AC9B100F48764 /* WebKit.framework in Frameworks */,
				C62F4D3A1A69D9AC003E9FDB /* SystemConfiguration.framework in Frameworks */,
				C62F4D381A69D9A4003E9FDB /* StoreKit.framework in Frameworks */,
				C62F4D361A69D99E003E9FDB /* Security.framework in Frameworks */,
				C62F4D341A69D998003E9FDB /* QuartzCore.framework in Frameworks */,
				C62F4D321A69D98F003E9FDB /* MobileCoreServices.framework in Frameworks */,
				C62F4D301A69D988003E9FDB /* CoreLocation.framework in Frameworks */,
				C62F4D2E1A69D981003E9FDB /* CoreGraphics.framework in Frameworks */,
				C62F4D2C1A69D97A003E9FDB /* CFNetwork.framework in Frameworks */,
				C62F4D2A1A69D973003E9FDB /* AudioToolbox.framework in Frameworks */,
				C62F4D281A69D96B003E9FDB /* libz.dylib in Frameworks */,
				C62F4D261A69D963003E9FDB /* CoreData.framework in Frameworks */,
				C62F4D241A69D952003E9FDB /* libsqlite3.dylib in Frameworks */,
				C62F4D221A69D94C003E9FDB /* libz.1.1.3.dylib in Frameworks */,
				C62F4D201A69D941003E9FDB /* CoreImage.framework in Frameworks */,
				C62F4D1E1A69D938003E9FDB /* Social.framework in Frameworks */,
				C62F4D1C1A69D933003E9FDB /* Accounts.framework in Frameworks */,
				C62F4CD71A69D79A003E9FDB /* ParseUI.framework in Frameworks */,
				C62F4CD51A69D79A003E9FDB /* ParseCrashReporting.framework in Frameworks */,
				C62F4CD61A69D79A003E9FDB /* ParseFacebookUtils.framework in Frameworks */,
				C62F4CD41A69D79A003E9FDB /* Parse.framework in Frameworks */,
				C62F4CD31A69D79A003E9FDB /* Bolts.framework in Frameworks */,
			);
			runOnlyForDeploymentPostprocessing = 0;
		};
		C62F4C641A69D569003E9FDB /* Frameworks */ = {
			isa = PBXFrameworksBuildPhase;
			buildActionMask = 2147483647;
			files = (
			);
			runOnlyForDeploymentPostprocessing = 0;
		};
/* End PBXFrameworksBuildPhase section */

/* Begin PBXGroup section */
		C6011DCE1A6B73E300B6DCF1 /* MyImage */ = {
			isa = PBXGroup;
			children = (
				C6011DF71A6B748500B6DCF1 /* Angry_Selected.png */,
				C6011DF81A6B748500B6DCF1 /* Angry.png */,
				C6011DFB1A6B748500B6DCF1 /* Background.png */,
				C6011DFC1A6B748500B6DCF1 /* body_selected.png */,
				C6011DFD1A6B748500B6DCF1 /* body_un.png */,
				C6011DFE1A6B748500B6DCF1 /* Circle_white.png */,
				C6011DFF1A6B748500B6DCF1 /* Circle.png */,
				C6011E011A6B748500B6DCF1 /* DooBox.png */,
				C6011E021A6B748500B6DCF1 /* emoteful-header-logo.png */,
				C6011E031A6B748500B6DCF1 /* emoteful.png */,
				C6011E041A6B748500B6DCF1 /* emotes.png */,
				C6011E051A6B748500B6DCF1 /* emotes_u.png */,
				C6011E0A1A6B748500B6DCF1 /* Exercise_s.png */,
				C6011E0B1A6B748500B6DCF1 /* Exercise.png */,
				C6011E0E1A6B748500B6DCF1 /* Friends_s.png */,
				C6011E0F1A6B748500B6DCF1 /* Friends.png */,
				C6011E101A6B748500B6DCF1 /* Happy_Selected.png */,
				C6011E111A6B748500B6DCF1 /* Happy.png */,
				C6011E141A6B748500B6DCF1 /* Homework_s.png */,
				C6011E151A6B748500B6DCF1 /* Homework.png */,
				C6011E161A6B748500B6DCF1 /* Icon-60.png */,
				C6011E171A6B748500B6DCF1 /* Icon-60@2x.png */,
				C6011E181A6B748500B6DCF1 /* Icon-60@3x.png */,
				C6011E191A6B748500B6DCF1 /* Icon-72.png */,
				C6011E1A1A6B748500B6DCF1 /* Icon-72@2x.png */,
				C6011E1B1A6B748500B6DCF1 /* Icon-76.png */,
				C6011E1C1A6B748500B6DCF1 /* Icon-76@2x.png */,
				C6011E1D1A6B748500B6DCF1 /* Icon-Small-40.png */,
				C6011E1E1A6B748500B6DCF1 /* Icon-Small-40@2x.png */,
				C6011E1F1A6B748500B6DCF1 /* Icon-Small-40@3x.png */,
				C6011E201A6B748500B6DCF1 /* Icon-Small-50.png */,
				C6011E211A6B748500B6DCF1 /* Icon-Small-50@2x.png */,
				C6011E221A6B748500B6DCF1 /* Icon-Small.png */,
				C6011E231A6B748500B6DCF1 /* Icon-Small@2x.png */,
				C6011E241A6B748500B6DCF1 /* Icon-Small@3x.png */,
				C6011E251A6B748500B6DCF1 /* Icon.png */,
				C6011E261A6B748500B6DCF1 /* Icon@2x.png */,
				C6011E271A6B748500B6DCF1 /* IMG_4137.jpeg */,
				C6011E281A6B748500B6DCF1 /* iTunesArtwork@2x.png */,
				C6011E291A6B748500B6DCF1 /* lifestyle.png */,
				C6011E2B1A6B748500B6DCF1 /* lifestyle_u.png */,
				C6011E2F1A6B748500B6DCF1 /* Meh_Selected.png */,
				C6011E301A6B748500B6DCF1 /* Meh.png */,
				C6011E311A6B748500B6DCF1 /* mind_selected.png */,
				C6011E321A6B748500B6DCF1 /* mind_un.png */,
				C6011E331A6B748500B6DCF1 /* moves.png */,
				C6011E341A6B748500B6DCF1 /* moves_u.png */,
				C6011E391A6B748500B6DCF1 /* Relationships_s.png */,
				C6011E3A1A6B748500B6DCF1 /* Relationships.png */,
				C6011E3B1A6B748500B6DCF1 /* Sad_Selected.png */,
				C6011E3C1A6B748500B6DCF1 /* Sad.png */,
				C6011E4B1A6B748500B6DCF1 /* Stressed_Selected.png */,
				C6011E4C1A6B748500B6DCF1 /* Stressed.png */,
				C6011E511A6B748500B6DCF1 /* Weather_s.png */,
				C6011E521A6B748500B6DCF1 /* Weather.png */,
				C6011E551A6B748500B6DCF1 /* Work_s.png */,
				C6011E561A6B748500B6DCF1 /* Work.png */,
				C6011E571A6B748500B6DCF1 /* Worried_Selected.png */,
				C6011E581A6B748500B6DCF1 /* Worried.png */,
			);
			name = MyImage;
			path = emoteful;
			sourceTree = "<group>";
		};
		C619058F1A6ACC1700F48764 /* UPPlatformSDK */ = {
			isa = PBXGroup;
			children = (
				C61905901A6ACC1700F48764 /* UPPlatformSDK */,
				C61905BC1A6ACC1700F48764 /* UPPlatformSDK.xcodeproj */,
			);
			path = UPPlatformSDK;
			sourceTree = "<group>";
		};
		C61905901A6ACC1700F48764 /* UPPlatformSDK */ = {
			isa = PBXGroup;
			children = (
				C61905911A6ACC1700F48764 /* NSDate+UPPlatform.h */,
				C61905921A6ACC1700F48764 /* NSDate+UPPlatform.m */,
				C61905931A6ACC1700F48764 /* NSDictionary+UPPlatform.h */,
				C61905941A6ACC1700F48764 /* NSDictionary+UPPlatform.m */,
				C61905951A6ACC1700F48764 /* UP.h */,
				C61905961A6ACC1700F48764 /* UPAuthViewController.h */,
				C61905971A6ACC1700F48764 /* UPAuthViewController.m */,
				C61905981A6ACC1700F48764 /* UPBandEventAPI.h */,
				C61905991A6ACC1700F48764 /* UPBandEventAPI.m */,
				C619059A1A6ACC1700F48764 /* UPBaseEventAPI.h */,
				C619059B1A6ACC1700F48764 /* UPBaseEventAPI.m */,
				C619059C1A6ACC1700F48764 /* UPBodyEventAPI.h */,
				C619059D1A6ACC1700F48764 /* UPBodyEventAPI.m */,
				C619059E1A6ACC1700F48764 /* UPCardiacEventAPI.h */,
				C619059F1A6ACC1700F48764 /* UPCardiacEventAPI.m */,
				C61905A01A6ACC1700F48764 /* UPDefines.h */,
				C61905A11A6ACC1700F48764 /* UPGenericEventAPI.h */,
				C61905A21A6ACC1700F48764 /* UPGenericEventAPI.m */,
				C61905A31A6ACC1700F48764 /* UPMealAPI.h */,
				C61905A41A6ACC1700F48764 /* UPMealAPI.m */,
				C61905A51A6ACC1700F48764 /* UPMoodAPI.h */,
				C61905A61A6ACC1700F48764 /* UPMoodAPI.m */,
				C61905A71A6ACC1700F48764 /* UPMoveAPI.h */,
				C61905A81A6ACC1700F48764 /* UPMoveAPI.m */,
				C61905A91A6ACC1700F48764 /* UPPlatform.h */,
				C61905AA1A6ACC1700F48764 /* UPPlatform.m */,
				C61905AB1A6ACC1700F48764 /* UPPlatformSDK-Info.plist */,
				C61905AC1A6ACC1700F48764 /* UPPlatformSDK-OS-X-Prefix.pch */,
				C61905AD1A6ACC1700F48764 /* UPPlatformSDK-Prefix.pch */,
				C61905AE1A6ACC1700F48764 /* UPPlatformSDK.h */,
				C61905AF1A6ACC1700F48764 /* UPPlatformSDK.m */,
				C61905B01A6ACC1700F48764 /* UPSession.h */,
				C61905B11A6ACC1700F48764 /* UPSession.m */,
				C61905B21A6ACC1700F48764 /* UPSleepAPI.h */,
				C61905B31A6ACC1700F48764 /* UPSleepAPI.m */,
				C61905B41A6ACC1700F48764 /* UPURLRequest.h */,
				C61905B51A6ACC1700F48764 /* UPURLRequest.m */,
				C61905B61A6ACC1700F48764 /* UPURLResponse.h */,
				C61905B71A6ACC1700F48764 /* UPURLResponse.m */,
				C61905B81A6ACC1700F48764 /* UPUserAPI.h */,
				C61905B91A6ACC1700F48764 /* UPUserAPI.m */,
				C61905BA1A6ACC1700F48764 /* UPWorkoutAPI.h */,
				C61905BB1A6ACC1700F48764 /* UPWorkoutAPI.m */,
			);
			path = UPPlatformSDK;
			sourceTree = "<group>";
		};
		C61905BD1A6ACC1700F48764 /* Products */ = {
			isa = PBXGroup;
			children = (
				C61905D81A6ACC1700F48764 /* libUPPlatformSDK.a */,
				C61905DA1A6ACC1700F48764 /* libUPPlatformSDK-OSX.a */,
				C61905DC1A6ACC1700F48764 /* libUPPlatform.a */,
			);
			name = Products;
			sourceTree = "<group>";
		};
		C61905ED1A6ADF0500F48764 /* LowerTabs */ = {
			isa = PBXGroup;
			children = (
				C61905EE1A6ADF1100F48764 /* Body.swift */,
				C61905F01A6ADF1A00F48764 /* Mind.swift */,
				C61905F21A6ADF2100F48764 /* Lifestyle.swift */,
			);
			name = LowerTabs;
			sourceTree = "<group>";
		};
		C62F4C461A69D569003E9FDB = {
			isa = PBXGroup;
			children = (
				C619058F1A6ACC1700F48764 /* UPPlatformSDK */,
				C62F4CAB1A69D737003E9FDB /* Frameworks */,
				C62F4C511A69D569003E9FDB /* emoteful */,
				C62F4C6A1A69D569003E9FDB /* emotefulTests */,
				C62F4C501A69D569003E9FDB /* Products */,
				C62F4D041A69D8C4003E9FDB /* Emotion Images */,
				C62F4CD91A69D80E003E9FDB /* emoteful-Bridging-Header.h */,
				C6011DCE1A6B73E300B6DCF1 /* MyImage */,
			);
			sourceTree = "<group>";
		};
		C62F4C501A69D569003E9FDB /* Products */ = {
			isa = PBXGroup;
			children = (
				C62F4C4F1A69D569003E9FDB /* emoteful.app */,
				C62F4C671A69D569003E9FDB /* emotefulTests.xctest */,
			);
			name = Products;
			sourceTree = "<group>";
		};
		C62F4C511A69D569003E9FDB /* emoteful */ = {
			isa = PBXGroup;
			children = (
				C6A91E301A6AE7770020216F /* SleepGraph.m */,
				C62433CD1A6B4636004431ED /* MovementGraph.m */,
				C61905761A6ACB9800F48764 /* JBLandingViewController.h */,
				C61905771A6ACB9800F48764 /* JBLandingViewController.m */,
				C62F4CE01A69D895003E9FDB /* Main.storyboard */,
				C61905ED1A6ADF0500F48764 /* LowerTabs */,
				C62F4C541A69D569003E9FDB /* AppDelegate.swift */,
				C62F4CDE1A69D889003E9FDB /* ViewController.swift */,
				C62F4CDC1A69D86E003E9FDB /* File.swift */,
				C62F4CE41A69D89E003E9FDB /* HomeViewController.swift */,
				C62F4CE21A69D89E003E9FDB /* EmotionViewController.swift */,
				C62F4CE31A69D89E003E9FDB /* ReasonViewController.swift */,
				C69B8DD01A6A0ABE00370DC2 /* SettingsViewController.swift */,
				C62F4CE51A69D89E003E9FDB /* CustomNavigationSegue.swift */,
				C62F4CE61A69D89E003E9FDB /* CustomTabBar.swift */,
				C62F4C601A69D569003E9FDB /* LaunchScreen.xib */,
				C62F4C561A69D569003E9FDB /* emoteful.xcdatamodeld */,
				C62F4C521A69D569003E9FDB /* Supporting Files */,
			);
			path = emoteful;
			sourceTree = "<group>";
		};
		C62F4C521A69D569003E9FDB /* Supporting Files */ = {
			isa = PBXGroup;
			children = (
				C62F4C531A69D569003E9FDB /* Info.plist */,
			);
			name = "Supporting Files";
			sourceTree = "<group>";
		};
		C62F4C6A1A69D569003E9FDB /* emotefulTests */ = {
			isa = PBXGroup;
			children = (
				C62F4C6D1A69D569003E9FDB /* emotefulTests.swift */,
				C62F4C6B1A69D569003E9FDB /* Supporting Files */,
			);
			path = emotefulTests;
			sourceTree = "<group>";
		};
		C62F4C6B1A69D569003E9FDB /* Supporting Files */ = {
			isa = PBXGroup;
			children = (
				C62F4C6C1A69D569003E9FDB /* Info.plist */,
			);
			name = "Supporting Files";
			sourceTree = "<group>";
		};
		C62F4CAB1A69D737003E9FDB /* Frameworks */ = {
			isa = PBXGroup;
			children = (
				C61905E01A6ACDA500F48764 /* Foundation.framework */,
				C61905DE1A6ACD9B00F48764 /* UIKit.framework */,
				C61905741A6ACB4900F48764 /* libUPPlatformSDK.a */,
				C61905551A6AC9B100F48764 /* WebKit.framework */,
				C69B8DCE1A69F44F00370DC2 /* UPPlatformSDK.framework */,
				C62F4D391A69D9AC003E9FDB /* SystemConfiguration.framework */,
				C62F4D371A69D9A4003E9FDB /* StoreKit.framework */,
				C62F4D351A69D99E003E9FDB /* Security.framework */,
				C62F4D331A69D998003E9FDB /* QuartzCore.framework */,
				C62F4D311A69D98F003E9FDB /* MobileCoreServices.framework */,
				C62F4D2F1A69D988003E9FDB /* CoreLocation.framework */,
				C62F4D2D1A69D981003E9FDB /* CoreGraphics.framework */,
				C62F4D2B1A69D97A003E9FDB /* CFNetwork.framework */,
				C62F4D291A69D973003E9FDB /* AudioToolbox.framework */,
				C62F4D271A69D96B003E9FDB /* libz.dylib */,
				C62F4D251A69D963003E9FDB /* CoreData.framework */,
				C62F4D231A69D952003E9FDB /* libsqlite3.dylib */,
				C62F4D211A69D94C003E9FDB /* libz.1.1.3.dylib */,
				C62F4D1F1A69D941003E9FDB /* CoreImage.framework */,
				C62F4D1D1A69D938003E9FDB /* Social.framework */,
				C62F4D1B1A69D933003E9FDB /* Accounts.framework */,
				C62F4CCE1A69D79A003E9FDB /* Bolts.framework */,
				C62F4CCF1A69D79A003E9FDB /* Parse.framework */,
				C62F4CD01A69D79A003E9FDB /* ParseCrashReporting.framework */,
				C62F4CD11A69D79A003E9FDB /* ParseFacebookUtils.framework */,
				C62F4CD21A69D79A003E9FDB /* ParseUI.framework */,
			);
			name = Frameworks;
			sourceTree = "<group>";
		};
		C62F4D041A69D8C4003E9FDB /* Emotion Images */ = {
			isa = PBXGroup;
			children = (
			);
			name = "Emotion Images";
			sourceTree = "<group>";
		};
/* End PBXGroup section */

/* Begin PBXNativeTarget section */
		C62F4C4E1A69D569003E9FDB /* emoteful */ = {
			isa = PBXNativeTarget;
			buildConfigurationList = C62F4C711A69D569003E9FDB /* Build configuration list for PBXNativeTarget "emoteful" */;
			buildPhases = (
				C62F4C4B1A69D569003E9FDB /* Sources */,
				C62F4C4C1A69D569003E9FDB /* Frameworks */,
				C62F4C4D1A69D569003E9FDB /* Resources */,
			);
			buildRules = (
			);
			dependencies = (
			);
			name = emoteful;
			productName = emoteful;
			productReference = C62F4C4F1A69D569003E9FDB /* emoteful.app */;
			productType = "com.apple.product-type.application";
		};
		C62F4C661A69D569003E9FDB /* emotefulTests */ = {
			isa = PBXNativeTarget;
			buildConfigurationList = C62F4C741A69D569003E9FDB /* Build configuration list for PBXNativeTarget "emotefulTests" */;
			buildPhases = (
				C62F4C631A69D569003E9FDB /* Sources */,
				C62F4C641A69D569003E9FDB /* Frameworks */,
				C62F4C651A69D569003E9FDB /* Resources */,
			);
			buildRules = (
			);
			dependencies = (
				C62F4C691A69D569003E9FDB /* PBXTargetDependency */,
			);
			name = emotefulTests;
			productName = emotefulTests;
			productReference = C62F4C671A69D569003E9FDB /* emotefulTests.xctest */;
			productType = "com.apple.product-type.bundle.unit-test";
		};
/* End PBXNativeTarget section */

/* Begin PBXProject section */
		C62F4C471A69D569003E9FDB /* Project object */ = {
			isa = PBXProject;
			attributes = {
				LastUpgradeCheck = 0610;
				ORGANIZATIONNAME = "Brendan McManus";
				TargetAttributes = {
					C62F4C4E1A69D569003E9FDB = {
						CreatedOnToolsVersion = 6.1.1;
						DevelopmentTeam = L6S6B3S2Z4;
					};
					C62F4C661A69D569003E9FDB = {
						CreatedOnToolsVersion = 6.1.1;
						TestTargetID = C62F4C4E1A69D569003E9FDB;
					};
				};
			};
			buildConfigurationList = C62F4C4A1A69D569003E9FDB /* Build configuration list for PBXProject "com.brenio.emoteful" */;
			compatibilityVersion = "Xcode 3.2";
			developmentRegion = English;
			hasScannedForEncodings = 0;
			knownRegions = (
				en,
				Base,
			);
			mainGroup = C62F4C461A69D569003E9FDB;
			productRefGroup = C62F4C501A69D569003E9FDB /* Products */;
			projectDirPath = "";
			projectReferences = (
				{
					ProductGroup = C61905BD1A6ACC1700F48764 /* Products */;
					ProjectRef = C61905BC1A6ACC1700F48764 /* UPPlatformSDK.xcodeproj */;
				},
			);
			projectRoot = "";
			targets = (
				C62F4C4E1A69D569003E9FDB /* emoteful */,
				C62F4C661A69D569003E9FDB /* emotefulTests */,
			);
		};
/* End PBXProject section */

/* Begin PBXReferenceProxy section */
		C61905D81A6ACC1700F48764 /* libUPPlatformSDK.a */ = {
			isa = PBXReferenceProxy;
			fileType = archive.ar;
			path = libUPPlatformSDK.a;
			remoteRef = C61905D71A6ACC1700F48764 /* PBXContainerItemProxy */;
			sourceTree = BUILT_PRODUCTS_DIR;
		};
		C61905DA1A6ACC1700F48764 /* libUPPlatformSDK-OSX.a */ = {
			isa = PBXReferenceProxy;
			fileType = archive.ar;
			path = "libUPPlatformSDK-OSX.a";
			remoteRef = C61905D91A6ACC1700F48764 /* PBXContainerItemProxy */;
			sourceTree = BUILT_PRODUCTS_DIR;
		};
		C61905DC1A6ACC1700F48764 /* libUPPlatform.a */ = {
			isa = PBXReferenceProxy;
			fileType = archive.ar;
			path = libUPPlatform.a;
			remoteRef = C61905DB1A6ACC1700F48764 /* PBXContainerItemProxy */;
			sourceTree = BUILT_PRODUCTS_DIR;
		};
/* End PBXReferenceProxy section */

/* Begin PBXResourcesBuildPhase section */
		C62F4C4D1A69D569003E9FDB /* Resources */ = {
			isa = PBXResourcesBuildPhase;
			buildActionMask = 2147483647;
			files = (
				C6011E871A6B748500B6DCF1 /* Icon.png in Resources */,
				C6011E881A6B748500B6DCF1 /* Icon@2x.png in Resources */,
				C6011E7A1A6B748500B6DCF1 /* Icon-60@3x.png in Resources */,
				C6011E931A6B748500B6DCF1 /* mind_selected.png in Resources */,
				C6011E641A6B748500B6DCF1 /* emoteful-header-logo.png in Resources */,
				C6011E7C1A6B748500B6DCF1 /* Icon-72@2x.png in Resources */,
				C6011E831A6B748500B6DCF1 /* Icon-Small-50@2x.png in Resources */,
				C6011E7E1A6B748500B6DCF1 /* Icon-76@2x.png in Resources */,
				C6011EB71A6B748500B6DCF1 /* Work_s.png in Resources */,
				C6011E801A6B748500B6DCF1 /* Icon-Small-40@2x.png in Resources */,
				C6011E6D1A6B748500B6DCF1 /* Exercise.png in Resources */,
				C6011E721A6B748500B6DCF1 /* Happy_Selected.png in Resources */,
				C6011E671A6B748500B6DCF1 /* emotes_u.png in Resources */,
				C6011EBA1A6B748500B6DCF1 /* Worried.png in Resources */,
				C6011E891A6B748500B6DCF1 /* IMG_4137.jpeg in Resources */,
				C6011E611A6B748500B6DCF1 /* Circle.png in Resources */,
				C62F4CE11A69D895003E9FDB /* Main.storyboard in Resources */,
				C6011E601A6B748500B6DCF1 /* Circle_white.png in Resources */,
				C6011E661A6B748500B6DCF1 /* emotes.png in Resources */,
				C6011E9D1A6B748500B6DCF1 /* Sad_Selected.png in Resources */,
				C6011EB31A6B748500B6DCF1 /* Weather_s.png in Resources */,
				C6011E5F1A6B748500B6DCF1 /* body_un.png in Resources */,
				C62F4C621A69D569003E9FDB /* LaunchScreen.xib in Resources */,
				C6011E9B1A6B748500B6DCF1 /* Relationships_s.png in Resources */,
				C6011EAE1A6B748500B6DCF1 /* Stressed.png in Resources */,
				C6011E791A6B748500B6DCF1 /* Icon-60@2x.png in Resources */,
				C6011E8B1A6B748500B6DCF1 /* lifestyle.png in Resources */,
				C6011E781A6B748500B6DCF1 /* Icon-60.png in Resources */,
				C6011EB41A6B748500B6DCF1 /* Weather.png in Resources */,
				C6011EAD1A6B748500B6DCF1 /* Stressed_Selected.png in Resources */,
				C6011E961A6B748500B6DCF1 /* moves_u.png in Resources */,
				C6011E9C1A6B748500B6DCF1 /* Relationships.png in Resources */,
				C6011E7D1A6B748500B6DCF1 /* Icon-76.png in Resources */,
				C6011E651A6B748500B6DCF1 /* emoteful.png in Resources */,
				C6011E821A6B748500B6DCF1 /* Icon-Small-50.png in Resources */,
				C6011E851A6B748500B6DCF1 /* Icon-Small@2x.png in Resources */,
				C6011E911A6B748500B6DCF1 /* Meh_Selected.png in Resources */,
				C6011E861A6B748500B6DCF1 /* Icon-Small@3x.png in Resources */,
				C6011E5E1A6B748500B6DCF1 /* body_selected.png in Resources */,
				C61905CB1A6ACC1700F48764 /* UPPlatformSDK-Info.plist in Resources */,
				C6011E941A6B748500B6DCF1 /* mind_un.png in Resources */,
				C6011EB91A6B748500B6DCF1 /* Worried_Selected.png in Resources */,
				C6011E761A6B748500B6DCF1 /* Homework_s.png in Resources */,
				C6011E5A1A6B748500B6DCF1 /* Angry.png in Resources */,
				C6011E9E1A6B748500B6DCF1 /* Sad.png in Resources */,
				C6011E921A6B748500B6DCF1 /* Meh.png in Resources */,
				C6011E951A6B748500B6DCF1 /* moves.png in Resources */,
				C6011E841A6B748500B6DCF1 /* Icon-Small.png in Resources */,
				C6011E7F1A6B748500B6DCF1 /* Icon-Small-40.png in Resources */,
				C6011E811A6B748500B6DCF1 /* Icon-Small-40@3x.png in Resources */,
				C6011E631A6B748500B6DCF1 /* DooBox.png in Resources */,
				C6011E711A6B748500B6DCF1 /* Friends.png in Resources */,
				C6011EB81A6B748500B6DCF1 /* Work.png in Resources */,
				C6011E8D1A6B748500B6DCF1 /* lifestyle_u.png in Resources */,
				C6011E771A6B748500B6DCF1 /* Homework.png in Resources */,
				C6011E701A6B748500B6DCF1 /* Friends_s.png in Resources */,
				C6011E591A6B748500B6DCF1 /* Angry_Selected.png in Resources */,
				C6011E6C1A6B748500B6DCF1 /* Exercise_s.png in Resources */,
				C6011E5D1A6B748500B6DCF1 /* Background.png in Resources */,
				C6011E8A1A6B748500B6DCF1 /* iTunesArtwork@2x.png in Resources */,
				C6011E7B1A6B748500B6DCF1 /* Icon-72.png in Resources */,
				C6011E731A6B748500B6DCF1 /* Happy.png in Resources */,
			);
			runOnlyForDeploymentPostprocessing = 0;
		};
		C62F4C651A69D569003E9FDB /* Resources */ = {
			isa = PBXResourcesBuildPhase;
			buildActionMask = 2147483647;
			files = (
			);
			runOnlyForDeploymentPostprocessing = 0;
		};
/* End PBXResourcesBuildPhase section */

/* Begin PBXSourcesBuildPhase section */
		C62F4C4B1A69D569003E9FDB /* Sources */ = {
			isa = PBXSourcesBuildPhase;
			buildActionMask = 2147483647;
			files = (
				C61905781A6ACB9800F48764 /* JBLandingViewController.m in Sources */,
				C62F4CE81A69D89E003E9FDB /* ReasonViewController.swift in Sources */,
				C61905CA1A6ACC1700F48764 /* UPPlatform.m in Sources */,
				C62F4CE71A69D89E003E9FDB /* EmotionViewController.swift in Sources */,
				C62F4CEA1A69D89E003E9FDB /* CustomNavigationSegue.swift in Sources */,
				C69B8DD11A6A0ABE00370DC2 /* SettingsViewController.swift in Sources */,
				C62F4CDD1A69D86E003E9FDB /* File.swift in Sources */,
				C61905CE1A6ACC1700F48764 /* UPSleepAPI.m in Sources */,
				C61905BF1A6ACC1700F48764 /* NSDate+UPPlatform.m in Sources */,
				C61905D21A6ACC1700F48764 /* UPWorkoutAPI.m in Sources */,
				C61905C31A6ACC1700F48764 /* UPBaseEventAPI.m in Sources */,
				C61905C11A6ACC1700F48764 /* UPAuthViewController.m in Sources */,
				C62F4CEB1A69D89E003E9FDB /* CustomTabBar.swift in Sources */,
				C61905F11A6ADF1A00F48764 /* Mind.swift in Sources */,
				C61905C91A6ACC1700F48764 /* UPMoveAPI.m in Sources */,
				C61905D11A6ACC1700F48764 /* UPUserAPI.m in Sources */,
				C62433CE1A6B4636004431ED /* MovementGraph.m in Sources */,
				C61905CD1A6ACC1700F48764 /* UPSession.m in Sources */,
				C61905C51A6ACC1700F48764 /* UPCardiacEventAPI.m in Sources */,
				C61905C41A6ACC1700F48764 /* UPBodyEventAPI.m in Sources */,
				C61905CC1A6ACC1700F48764 /* UPPlatformSDK.m in Sources */,
				C61905D01A6ACC1700F48764 /* UPURLResponse.m in Sources */,
				C62F4C581A69D569003E9FDB /* emoteful.xcdatamodeld in Sources */,
				C61905C81A6ACC1700F48764 /* UPMoodAPI.m in Sources */,
				C61905C01A6ACC1700F48764 /* NSDictionary+UPPlatform.m in Sources */,
				C61905C61A6ACC1700F48764 /* UPGenericEventAPI.m in Sources */,
				C61905EF1A6ADF1100F48764 /* Body.swift in Sources */,
				C62F4CDF1A69D889003E9FDB /* ViewController.swift in Sources */,
				C6A91E311A6AE7770020216F /* SleepGraph.m in Sources */,
				C61905F31A6ADF2100F48764 /* Lifestyle.swift in Sources */,
				C61905C71A6ACC1700F48764 /* UPMealAPI.m in Sources */,
				C62F4CE91A69D89E003E9FDB /* HomeViewController.swift in Sources */,
				C62F4C551A69D569003E9FDB /* AppDelegate.swift in Sources */,
				C61905CF1A6ACC1700F48764 /* UPURLRequest.m in Sources */,
				C61905C21A6ACC1700F48764 /* UPBandEventAPI.m in Sources */,
			);
			runOnlyForDeploymentPostprocessing = 0;
		};
		C62F4C631A69D569003E9FDB /* Sources */ = {
			isa = PBXSourcesBuildPhase;
			buildActionMask = 2147483647;
			files = (
				C62F4C6E1A69D569003E9FDB /* emotefulTests.swift in Sources */,
			);
			runOnlyForDeploymentPostprocessing = 0;
		};
/* End PBXSourcesBuildPhase section */

/* Begin PBXTargetDependency section */
		C62F4C691A69D569003E9FDB /* PBXTargetDependency */ = {
			isa = PBXTargetDependency;
			target = C62F4C4E1A69D569003E9FDB /* emoteful */;
			targetProxy = C62F4C681A69D569003E9FDB /* PBXContainerItemProxy */;
		};
/* End PBXTargetDependency section */

/* Begin PBXVariantGroup section */
		C62F4C601A69D569003E9FDB /* LaunchScreen.xib */ = {
			isa = PBXVariantGroup;
			children = (
				C62F4C611A69D569003E9FDB /* Base */,
			);
			name = LaunchScreen.xib;
			sourceTree = "<group>";
		};
/* End PBXVariantGroup section */

/* Begin XCBuildConfiguration section */
		C62F4C6F1A69D569003E9FDB /* Debug */ = {
			isa = XCBuildConfiguration;
			buildSettings = {
				ALWAYS_SEARCH_USER_PATHS = NO;
				CLANG_CXX_LANGUAGE_STANDARD = "gnu++0x";
				CLANG_CXX_LIBRARY = "libc++";
				CLANG_ENABLE_MODULES = YES;
				CLANG_ENABLE_OBJC_ARC = YES;
				CLANG_WARN_BOOL_CONVERSION = YES;
				CLANG_WARN_CONSTANT_CONVERSION = YES;
				CLANG_WARN_DIRECT_OBJC_ISA_USAGE = YES_ERROR;
				CLANG_WARN_EMPTY_BODY = YES;
				CLANG_WARN_ENUM_CONVERSION = YES;
				CLANG_WARN_INT_CONVERSION = YES;
				CLANG_WARN_OBJC_ROOT_CLASS = YES_ERROR;
				CLANG_WARN_UNREACHABLE_CODE = YES;
				CLANG_WARN__DUPLICATE_METHOD_MATCH = YES;
				"CODE_SIGN_IDENTITY[sdk=iphoneos*]" = "iPhone Developer";
				COPY_PHASE_STRIP = NO;
				ENABLE_STRICT_OBJC_MSGSEND = YES;
				GCC_C_LANGUAGE_STANDARD = gnu99;
				GCC_DYNAMIC_NO_PIC = NO;
				GCC_OPTIMIZATION_LEVEL = 0;
				GCC_PREPROCESSOR_DEFINITIONS = (
					"DEBUG=1",
					"$(inherited)",
				);
				GCC_SYMBOLS_PRIVATE_EXTERN = NO;
				GCC_WARN_64_TO_32_BIT_CONVERSION = YES;
				GCC_WARN_ABOUT_RETURN_TYPE = YES_ERROR;
				GCC_WARN_UNDECLARED_SELECTOR = YES;
				GCC_WARN_UNINITIALIZED_AUTOS = YES_AGGRESSIVE;
				GCC_WARN_UNUSED_FUNCTION = YES;
				GCC_WARN_UNUSED_VARIABLE = YES;
				IPHONEOS_DEPLOYMENT_TARGET = 8.1;
				MTL_ENABLE_DEBUG_INFO = YES;
				ONLY_ACTIVE_ARCH = YES;
				SDKROOT = iphoneos;
				SWIFT_OPTIMIZATION_LEVEL = "-Onone";
			};
			name = Debug;
		};
		C62F4C701A69D569003E9FDB /* Release */ = {
			isa = XCBuildConfiguration;
			buildSettings = {
				ALWAYS_SEARCH_USER_PATHS = NO;
				CLANG_CXX_LANGUAGE_STANDARD = "gnu++0x";
				CLANG_CXX_LIBRARY = "libc++";
				CLANG_ENABLE_MODULES = YES;
				CLANG_ENABLE_OBJC_ARC = YES;
				CLANG_WARN_BOOL_CONVERSION = YES;
				CLANG_WARN_CONSTANT_CONVERSION = YES;
				CLANG_WARN_DIRECT_OBJC_ISA_USAGE = YES_ERROR;
				CLANG_WARN_EMPTY_BODY = YES;
				CLANG_WARN_ENUM_CONVERSION = YES;
				CLANG_WARN_INT_CONVERSION = YES;
				CLANG_WARN_OBJC_ROOT_CLASS = YES_ERROR;
				CLANG_WARN_UNREACHABLE_CODE = YES;
				CLANG_WARN__DUPLICATE_METHOD_MATCH = YES;
				"CODE_SIGN_IDENTITY[sdk=iphoneos*]" = "iPhone Developer";
				COPY_PHASE_STRIP = YES;
				ENABLE_NS_ASSERTIONS = NO;
				ENABLE_STRICT_OBJC_MSGSEND = YES;
				GCC_C_LANGUAGE_STANDARD = gnu99;
				GCC_WARN_64_TO_32_BIT_CONVERSION = YES;
				GCC_WARN_ABOUT_RETURN_TYPE = YES_ERROR;
				GCC_WARN_UNDECLARED_SELECTOR = YES;
				GCC_WARN_UNINITIALIZED_AUTOS = YES_AGGRESSIVE;
				GCC_WARN_UNUSED_FUNCTION = YES;
				GCC_WARN_UNUSED_VARIABLE = YES;
				IPHONEOS_DEPLOYMENT_TARGET = 8.1;
				MTL_ENABLE_DEBUG_INFO = NO;
				SDKROOT = iphoneos;
				VALIDATE_PRODUCT = YES;
			};
			name = Release;
		};
		C62F4C721A69D569003E9FDB /* Debug */ = {
			isa = XCBuildConfiguration;
			buildSettings = {
				ASSETCATALOG_COMPILER_APPICON_NAME = AppIcon;
				CLANG_ENABLE_MODULES = YES;
				CODE_SIGN_IDENTITY = "iPhone Developer";
				"CODE_SIGN_IDENTITY[sdk=iphoneos*]" = "iPhone Developer";
				FRAMEWORK_SEARCH_PATHS = (
					"$(inherited)",
					"/Users/brendanmcmanus/Downloads/parse-library-1",
					"$(PROJECT_DIR)",
					"/Users/brendanmcmanus/Downloads/UPPlatform_iOS_SDK-master",
				);
				INFOPLIST_FILE = emoteful/Info.plist;
				LD_RUNPATH_SEARCH_PATHS = "$(inherited) @executable_path/Frameworks";
				LIBRARY_SEARCH_PATHS = (
					"$(inherited)",
					"$(PROJECT_DIR)",
					"$(USER_LIBRARY_DIR)/Developer/Xcode/DerivedData/APIExplorer-fjylwabfyqhrkodgdtwnpotksbln/Build/Products/Debug-iphoneos",
				);
				PRODUCT_NAME = "$(TARGET_NAME)";
				PROVISIONING_PROFILE = "";
				SWIFT_OBJC_BRIDGING_HEADER = "emoteful-Bridging-Header.h";
				SWIFT_OPTIMIZATION_LEVEL = "-Onone";
			};
			name = Debug;
		};
		C62F4C731A69D569003E9FDB /* Release */ = {
			isa = XCBuildConfiguration;
			buildSettings = {
				ASSETCATALOG_COMPILER_APPICON_NAME = AppIcon;
				CLANG_ENABLE_MODULES = YES;
				CODE_SIGN_IDENTITY = "iPhone Developer";
				"CODE_SIGN_IDENTITY[sdk=iphoneos*]" = "iPhone Developer";
				FRAMEWORK_SEARCH_PATHS = (
					"$(inherited)",
					"/Users/brendanmcmanus/Downloads/parse-library-1",
					"$(PROJECT_DIR)",
					"/Users/brendanmcmanus/Downloads/UPPlatform_iOS_SDK-master",
				);
				INFOPLIST_FILE = emoteful/Info.plist;
				LD_RUNPATH_SEARCH_PATHS = "$(inherited) @executable_path/Frameworks";
				LIBRARY_SEARCH_PATHS = (
					"$(inherited)",
					"$(PROJECT_DIR)",
					"$(USER_LIBRARY_DIR)/Developer/Xcode/DerivedData/APIExplorer-fjylwabfyqhrkodgdtwnpotksbln/Build/Products/Debug-iphoneos",
				);
				PRODUCT_NAME = "$(TARGET_NAME)";
				PROVISIONING_PROFILE = "";
				SWIFT_OBJC_BRIDGING_HEADER = "emoteful-Bridging-Header.h";
			};
			name = Release;
		};
		C62F4C751A69D569003E9FDB /* Debug */ = {
			isa = XCBuildConfiguration;
			buildSettings = {
				BUNDLE_LOADER = "$(TEST_HOST)";
				FRAMEWORK_SEARCH_PATHS = (
					"$(SDKROOT)/Developer/Library/Frameworks",
					"$(inherited)",
				);
				GCC_PREPROCESSOR_DEFINITIONS = (
					"DEBUG=1",
					"$(inherited)",
				);
				INFOPLIST_FILE = emotefulTests/Info.plist;
				LD_RUNPATH_SEARCH_PATHS = "$(inherited) @executable_path/Frameworks @loader_path/Frameworks";
				PRODUCT_NAME = "$(TARGET_NAME)";
				TEST_HOST = "$(BUILT_PRODUCTS_DIR)/emoteful.app/emoteful";
			};
			name = Debug;
		};
		C62F4C761A69D569003E9FDB /* Release */ = {
			isa = XCBuildConfiguration;
			buildSettings = {
				BUNDLE_LOADER = "$(TEST_HOST)";
				FRAMEWORK_SEARCH_PATHS = (
					"$(SDKROOT)/Developer/Library/Frameworks",
					"$(inherited)",
				);
				INFOPLIST_FILE = emotefulTests/Info.plist;
				LD_RUNPATH_SEARCH_PATHS = "$(inherited) @executable_path/Frameworks @loader_path/Frameworks";
				PRODUCT_NAME = "$(TARGET_NAME)";
				TEST_HOST = "$(BUILT_PRODUCTS_DIR)/emoteful.app/emoteful";
			};
			name = Release;
		};
/* End XCBuildConfiguration section */

/* Begin XCConfigurationList section */
		C62F4C4A1A69D569003E9FDB /* Build configuration list for PBXProject "com.brenio.emoteful" */ = {
			isa = XCConfigurationList;
			buildConfigurations = (
				C62F4C6F1A69D569003E9FDB /* Debug */,
				C62F4C701A69D569003E9FDB /* Release */,
			);
			defaultConfigurationIsVisible = 0;
			defaultConfigurationName = Release;
		};
		C62F4C711A69D569003E9FDB /* Build configuration list for PBXNativeTarget "emoteful" */ = {
			isa = XCConfigurationList;
			buildConfigurations = (
				C62F4C721A69D569003E9FDB /* Debug */,
				C62F4C731A69D569003E9FDB /* Release */,
			);
			defaultConfigurationIsVisible = 0;
			defaultConfigurationName = Release;
		};
		C62F4C741A69D569003E9FDB /* Build configuration list for PBXNativeTarget "emotefulTests" */ = {
			isa = XCConfigurationList;
			buildConfigurations = (
				C62F4C751A69D569003E9FDB /* Debug */,
				C62F4C761A69D569003E9FDB /* Release */,
			);
			defaultConfigurationIsVisible = 0;
			defaultConfigurationName = Release;
		};
/* End XCConfigurationList section */

/* Begin XCVersionGroup section */
		C62F4C561A69D569003E9FDB /* emoteful.xcdatamodeld */ = {
			isa = XCVersionGroup;
			children = (
				C62F4C571A69D569003E9FDB /* emoteful.xcdatamodel */,
			);
			currentVersion = C62F4C571A69D569003E9FDB /* emoteful.xcdatamodel */;
			path = emoteful.xcdatamodeld;
			sourceTree = "<group>";
			versionGroupType = wrapper.xcdatamodel;
		};
/* End XCVersionGroup section */
	};
	rootObject = C62F4C471A69D569003E9FDB /* Project object */;
}
